// !$*UTF8*$!
{
	archiveVersion = 1;
	classes = {
	};
	objectVersion = 46;
	objects = {

/* Begin PBXBuildFile section */
		8334A2E61DA3691100140E2E /* time.cpp in Sources */ = {isa = PBXBuildFile; fileRef = 8334A2E51DA3691100140E2E /* time.cpp */; };
		835C2D291D9D8C0A0019F073 /* main.cpp in Sources */ = {isa = PBXBuildFile; fileRef = 835C2D281D9D8C0A0019F073 /* main.cpp */; };
		835C3B021D9E194F0019F073 /* OpenGL.framework in Frameworks */ = {isa = PBXBuildFile; fileRef = 835C3B011D9E194F0019F073 /* OpenGL.framework */; };
		835C3B061D9E1C480019F073 /* libglfw3.dylib in Frameworks */ = {isa = PBXBuildFile; fileRef = 835C3B051D9E1C480019F073 /* libglfw3.dylib */; };
		835C3B0F1D9F621C0019F073 /* GLUT.framework in Frameworks */ = {isa = PBXBuildFile; fileRef = 835C3B0E1D9F621C0019F073 /* GLUT.framework */; };
		835C3B121D9F64600019F073 /* vector3.cpp in Sources */ = {isa = PBXBuildFile; fileRef = 835C3B111D9F64600019F073 /* vector3.cpp */; };
		835C3B151D9F65050019F073 /* matrix.cpp in Sources */ = {isa = PBXBuildFile; fileRef = 835C3B141D9F65050019F073 /* matrix.cpp */; };
		838717451DA6CD8C008DC001 /* vector2.cpp in Sources */ = {isa = PBXBuildFile; fileRef = 838717431DA6CD8C008DC001 /* vector2.cpp */; };
		83AC872D1DA3450600B86308 /* renderer.cpp in Sources */ = {isa = PBXBuildFile; fileRef = 83AC872B1DA3450600B86308 /* renderer.cpp */; };
		83AC87311DA34AA400B86308 /* mesh.cpp in Sources */ = {isa = PBXBuildFile; fileRef = 83AC872F1DA34AA400B86308 /* mesh.cpp */; };
		83AC87341DA34DE100B86308 /* engine.cpp in Sources */ = {isa = PBXBuildFile; fileRef = 83AC87321DA34DE100B86308 /* engine.cpp */; };
		83C78A8D1DA55A420008466D /* texture.cpp in Sources */ = {isa = PBXBuildFile; fileRef = 83C78A8B1DA55A420008466D /* texture.cpp */; };
/* End PBXBuildFile section */

/* Begin PBXCopyFilesBuildPhase section */
		835C2D231D9D8C0A0019F073 /* CopyFiles */ = {
			isa = PBXCopyFilesBuildPhase;
			buildActionMask = 2147483647;
			dstPath = /usr/share/man/man1/;
			dstSubfolderSpec = 0;
			files = (
			);
			runOnlyForDeploymentPostprocessing = 1;
		};
/* End PBXCopyFilesBuildPhase section */

/* Begin PBXFileReference section */
		832CCD371DA7550200FE103A /* world_map.bmp */ = {isa = PBXFileReference; lastKnownFileType = image.bmp; path = world_map.bmp; sourceTree = "<group>"; };
		8334A2E41DA3691100140E2E /* time.hpp */ = {isa = PBXFileReference; fileEncoding = 4; lastKnownFileType = sourcecode.cpp.h; path = time.hpp; sourceTree = "<group>"; };
		8334A2E51DA3691100140E2E /* time.cpp */ = {isa = PBXFileReference; fileEncoding = 4; lastKnownFileType = sourcecode.cpp.cpp; path = time.cpp; sourceTree = "<group>"; };
		835C2D251D9D8C0A0019F073 /* ReactorEngine */ = {isa = PBXFileReference; explicitFileType = "compiled.mach-o.executable"; includeInIndex = 0; path = ReactorEngine; sourceTree = BUILT_PRODUCTS_DIR; };
		835C2D281D9D8C0A0019F073 /* main.cpp */ = {isa = PBXFileReference; lastKnownFileType = sourcecode.cpp.cpp; path = main.cpp; sourceTree = "<group>"; };
		835C3B011D9E194F0019F073 /* OpenGL.framework */ = {isa = PBXFileReference; lastKnownFileType = wrapper.framework; name = OpenGL.framework; path = System/Library/Frameworks/OpenGL.framework; sourceTree = SDKROOT; };
		835C3B051D9E1C480019F073 /* libglfw3.dylib */ = {isa = PBXFileReference; lastKnownFileType = "compiled.mach-o.dylib"; name = libglfw3.dylib; path = ../../../../../usr/local/lib/libglfw3.dylib; sourceTree = "<group>"; };
		835C3B0D1D9E2ACE0019F073 /* main.hpp */ = {isa = PBXFileReference; lastKnownFileType = sourcecode.cpp.h; path = main.hpp; sourceTree = "<group>"; };
		835C3B0E1D9F621C0019F073 /* GLUT.framework */ = {isa = PBXFileReference; lastKnownFileType = wrapper.framework; name = GLUT.framework; path = System/Library/Frameworks/GLUT.framework; sourceTree = SDKROOT; };
		835C3B101D9F64600019F073 /* vector3.hpp */ = {isa = PBXFileReference; fileEncoding = 4; lastKnownFileType = sourcecode.cpp.h; path = vector3.hpp; sourceTree = "<group>"; };
		835C3B111D9F64600019F073 /* vector3.cpp */ = {isa = PBXFileReference; fileEncoding = 4; lastKnownFileType = sourcecode.cpp.cpp; path = vector3.cpp; sourceTree = "<group>"; };
		835C3B131D9F65050019F073 /* matrix.hpp */ = {isa = PBXFileReference; fileEncoding = 4; lastKnownFileType = sourcecode.cpp.h; path = matrix.hpp; sourceTree = "<group>"; };
		835C3B141D9F65050019F073 /* matrix.cpp */ = {isa = PBXFileReference; fileEncoding = 4; lastKnownFileType = sourcecode.cpp.cpp; path = matrix.cpp; sourceTree = "<group>"; };
		838717431DA6CD8C008DC001 /* vector2.cpp */ = {isa = PBXFileReference; fileEncoding = 4; lastKnownFileType = sourcecode.cpp.cpp; path = vector2.cpp; sourceTree = "<group>"; };
		838717441DA6CD8C008DC001 /* vector2.hpp */ = {isa = PBXFileReference; fileEncoding = 4; lastKnownFileType = sourcecode.cpp.h; path = vector2.hpp; sourceTree = "<group>"; };
		838717461DA6CFEE008DC001 /* teapot.obj */ = {isa = PBXFileReference; lastKnownFileType = text; path = teapot.obj; sourceTree = "<group>"; };
		838717471DA73A04008DC001 /* cube.obj */ = {isa = PBXFileReference; lastKnownFileType = text; path = cube.obj; sourceTree = "<group>"; };
		838EA12C1DA1B244004F56EF /* shader.fs */ = {isa = PBXFileReference; lastKnownFileType = sourcecode.glsl; path = shader.fs; sourceTree = "<group>"; };
		838EA12D1DA1B244004F56EF /* shader.vs */ = {isa = PBXFileReference; lastKnownFileType = sourcecode.glsl; path = shader.vs; sourceTree = "<group>"; };
		83AC872B1DA3450600B86308 /* renderer.cpp */ = {isa = PBXFileReference; fileEncoding = 4; lastKnownFileType = sourcecode.cpp.cpp; path = renderer.cpp; sourceTree = "<group>"; };
		83AC872E1DA34A8E00B86308 /* renderer.hpp */ = {isa = PBXFileReference; lastKnownFileType = sourcecode.cpp.h; path = renderer.hpp; sourceTree = "<group>"; };
		83AC872F1DA34AA400B86308 /* mesh.cpp */ = {isa = PBXFileReference; fileEncoding = 4; lastKnownFileType = sourcecode.cpp.cpp; path = mesh.cpp; sourceTree = "<group>"; };
		83AC87301DA34AA400B86308 /* mesh.hpp */ = {isa = PBXFileReference; fileEncoding = 4; lastKnownFileType = sourcecode.cpp.h; path = mesh.hpp; sourceTree = "<group>"; };
		83AC87321DA34DE100B86308 /* engine.cpp */ = {isa = PBXFileReference; fileEncoding = 4; lastKnownFileType = sourcecode.cpp.cpp; path = engine.cpp; sourceTree = "<group>"; };
		83AC87331DA34DE100B86308 /* engine.hpp */ = {isa = PBXFileReference; fileEncoding = 4; lastKnownFileType = sourcecode.cpp.h; path = engine.hpp; sourceTree = "<group>"; };
		83C78A8B1DA55A420008466D /* texture.cpp */ = {isa = PBXFileReference; fileEncoding = 4; lastKnownFileType = sourcecode.cpp.cpp; path = texture.cpp; sourceTree = "<group>"; };
		83C78A8C1DA55A420008466D /* texture.hpp */ = {isa = PBXFileReference; fileEncoding = 4; lastKnownFileType = sourcecode.cpp.h; path = texture.hpp; sourceTree = "<group>"; };
		83D2A1511DA7FE6800282D0C /* sphere.obj */ = {isa = PBXFileReference; lastKnownFileType = text; path = sphere.obj; sourceTree = "<group>"; };
/* End PBXFileReference section */

/* Begin PBXFrameworksBuildPhase section */
		835C2D221D9D8C0A0019F073 /* Frameworks */ = {
			isa = PBXFrameworksBuildPhase;
			buildActionMask = 2147483647;
			files = (
				835C3B0F1D9F621C0019F073 /* GLUT.framework in Frameworks */,
				835C3B061D9E1C480019F073 /* libglfw3.dylib in Frameworks */,
				835C3B021D9E194F0019F073 /* OpenGL.framework in Frameworks */,
			);
			runOnlyForDeploymentPostprocessing = 0;
		};
/* End PBXFrameworksBuildPhase section */

/* Begin PBXGroup section */
		835C2D1C1D9D8C0A0019F073 = {
			isa = PBXGroup;
			children = (
				835C2D271D9D8C0A0019F073 /* ReactorEngine */,
				835C2D261D9D8C0A0019F073 /* Products */,
				835C2D2F1D9D8FB30019F073 /* Frameworks */,
			);
			sourceTree = "<group>";
		};
		835C2D261D9D8C0A0019F073 /* Products */ = {
			isa = PBXGroup;
			children = (
				835C2D251D9D8C0A0019F073 /* ReactorEngine */,
			);
			name = Products;
			sourceTree = "<group>";
		};
		835C2D271D9D8C0A0019F073 /* ReactorEngine */ = {
			isa = PBXGroup;
			children = (
				835C3B0D1D9E2ACE0019F073 /* main.hpp */,
				835C2D281D9D8C0A0019F073 /* main.cpp */,
				83AC87331DA34DE100B86308 /* engine.hpp */,
				83AC87321DA34DE100B86308 /* engine.cpp */,
				83AC872E1DA34A8E00B86308 /* renderer.hpp */,
				83AC872B1DA3450600B86308 /* renderer.cpp */,
				83AC87301DA34AA400B86308 /* mesh.hpp */,
				83AC872F1DA34AA400B86308 /* mesh.cpp */,
				83C78A8C1DA55A420008466D /* texture.hpp */,
				83C78A8B1DA55A420008466D /* texture.cpp */,
				835C3B101D9F64600019F073 /* vector3.hpp */,
				835C3B111D9F64600019F073 /* vector3.cpp */,
				838717441DA6CD8C008DC001 /* vector2.hpp */,
				838717431DA6CD8C008DC001 /* vector2.cpp */,
				835C3B131D9F65050019F073 /* matrix.hpp */,
				835C3B141D9F65050019F073 /* matrix.cpp */,
				8334A2E41DA3691100140E2E /* time.hpp */,
				8334A2E51DA3691100140E2E /* time.cpp */,
				838717461DA6CFEE008DC001 /* teapot.obj */,
				838717471DA73A04008DC001 /* cube.obj */,
				83D2A1511DA7FE6800282D0C /* sphere.obj */,
				838EA12C1DA1B244004F56EF /* shader.fs */,
				838EA12D1DA1B244004F56EF /* shader.vs */,
				832CCD371DA7550200FE103A /* world_map.bmp */,
			);
			path = ReactorEngine;
			sourceTree = "<group>";
		};
		835C2D2F1D9D8FB30019F073 /* Frameworks */ = {
			isa = PBXGroup;
			children = (
				835C3B0E1D9F621C0019F073 /* GLUT.framework */,
				835C3B051D9E1C480019F073 /* libglfw3.dylib */,
				835C3B011D9E194F0019F073 /* OpenGL.framework */,
			);
			name = Frameworks;
			sourceTree = "<group>";
		};
/* End PBXGroup section */

/* Begin PBXNativeTarget section */
		835C2D241D9D8C0A0019F073 /* ReactorEngine */ = {
			isa = PBXNativeTarget;
			buildConfigurationList = 835C2D2C1D9D8C0A0019F073 /* Build configuration list for PBXNativeTarget "ReactorEngine" */;
			buildPhases = (
				835C2D211D9D8C0A0019F073 /* Sources */,
				835C2D221D9D8C0A0019F073 /* Frameworks */,
				835C2D231D9D8C0A0019F073 /* CopyFiles */,
			);
			buildRules = (
			);
			dependencies = (
			);
			name = ReactorEngine;
			productName = ReactorEngine;
			productReference = 835C2D251D9D8C0A0019F073 /* ReactorEngine */;
			productType = "com.apple.product-type.tool";
		};
/* End PBXNativeTarget section */

/* Begin PBXProject section */
		835C2D1D1D9D8C0A0019F073 /* Project object */ = {
			isa = PBXProject;
			attributes = {
				LastUpgradeCheck = 0800;
				ORGANIZATIONNAME = DaekunKim;
				TargetAttributes = {
					835C2D241D9D8C0A0019F073 = {
						CreatedOnToolsVersion = 8.0;
						ProvisioningStyle = Automatic;
					};
				};
			};
			buildConfigurationList = 835C2D201D9D8C0A0019F073 /* Build configuration list for PBXProject "ReactorEngine" */;
			compatibilityVersion = "Xcode 3.2";
			developmentRegion = English;
			hasScannedForEncodings = 0;
			knownRegions = (
				en,
			);
			mainGroup = 835C2D1C1D9D8C0A0019F073;
			productRefGroup = 835C2D261D9D8C0A0019F073 /* Products */;
			projectDirPath = "";
			projectRoot = "";
			targets = (
				835C2D241D9D8C0A0019F073 /* ReactorEngine */,
			);
		};
/* End PBXProject section */

/* Begin PBXSourcesBuildPhase section */
		835C2D211D9D8C0A0019F073 /* Sources */ = {
			isa = PBXSourcesBuildPhase;
			buildActionMask = 2147483647;
			files = (
				835C3B151D9F65050019F073 /* matrix.cpp in Sources */,
				8334A2E61DA3691100140E2E /* time.cpp in Sources */,
				83AC87341DA34DE100B86308 /* engine.cpp in Sources */,
				835C3B121D9F64600019F073 /* vector3.cpp in Sources */,
				83AC872D1DA3450600B86308 /* renderer.cpp in Sources */,
				83C78A8D1DA55A420008466D /* texture.cpp in Sources */,
				83AC87311DA34AA400B86308 /* mesh.cpp in Sources */,
				838717451DA6CD8C008DC001 /* vector2.cpp in Sources */,
				835C2D291D9D8C0A0019F073 /* main.cpp in Sources */,
			);
			runOnlyForDeploymentPostprocessing = 0;
		};
/* End PBXSourcesBuildPhase section */

/* Begin XCBuildConfiguration section */
		835C2D2A1D9D8C0A0019F073 /* Debug */ = {
			isa = XCBuildConfiguration;
			buildSettings = {
				ALWAYS_SEARCH_USER_PATHS = NO;
				CLANG_ANALYZER_NONNULL = YES;
				CLANG_CXX_LANGUAGE_STANDARD = "gnu++0x";
				CLANG_CXX_LIBRARY = "libc++";
				CLANG_ENABLE_MODULES = YES;
				CLANG_ENABLE_OBJC_ARC = YES;
				CLANG_WARN_BOOL_CONVERSION = YES;
				CLANG_WARN_CONSTANT_CONVERSION = YES;
				CLANG_WARN_DIRECT_OBJC_ISA_USAGE = YES_ERROR;
				CLANG_WARN_DOCUMENTATION_COMMENTS = YES;
				CLANG_WARN_EMPTY_BODY = YES;
				CLANG_WARN_ENUM_CONVERSION = YES;
				CLANG_WARN_INFINITE_RECURSION = YES;
				CLANG_WARN_INT_CONVERSION = YES;
				CLANG_WARN_OBJC_ROOT_CLASS = YES_ERROR;
				CLANG_WARN_SUSPICIOUS_MOVES = YES;
				CLANG_WARN_UNREACHABLE_CODE = YES;
				CLANG_WARN__DUPLICATE_METHOD_MATCH = YES;
				CODE_SIGN_IDENTITY = "-";
				COPY_PHASE_STRIP = NO;
				DEBUG_INFORMATION_FORMAT = dwarf;
				ENABLE_STRICT_OBJC_MSGSEND = YES;
				ENABLE_TESTABILITY = YES;
				GCC_C_LANGUAGE_STANDARD = gnu99;
				GCC_DYNAMIC_NO_PIC = NO;
				GCC_NO_COMMON_BLOCKS = YES;
				GCC_OPTIMIZATION_LEVEL = 0;
				GCC_PREPROCESSOR_DEFINITIONS = (
					"DEBUG=1",
					"$(inherited)",
				);
				GCC_WARN_64_TO_32_BIT_CONVERSION = YES;
				GCC_WARN_ABOUT_RETURN_TYPE = YES_ERROR;
				GCC_WARN_UNDECLARED_SELECTOR = YES;
				GCC_WARN_UNINITIALIZED_AUTOS = YES_AGGRESSIVE;
				GCC_WARN_UNUSED_FUNCTION = YES;
				GCC_WARN_UNUSED_VARIABLE = YES;
				MACOSX_DEPLOYMENT_TARGET = 10.11;
				MTL_ENABLE_DEBUG_INFO = YES;
				ONLY_ACTIVE_ARCH = YES;
				SDKROOT = macosx;
			};
			name = Debug;
		};
		835C2D2B1D9D8C0A0019F073 /* Release */ = {
			isa = XCBuildConfiguration;
			buildSettings = {
				ALWAYS_SEARCH_USER_PATHS = NO;
				CLANG_ANALYZER_NONNULL = YES;
				CLANG_CXX_LANGUAGE_STANDARD = "gnu++0x";
				CLANG_CXX_LIBRARY = "libc++";
				CLANG_ENABLE_MODULES = YES;
				CLANG_ENABLE_OBJC_ARC = YES;
				CLANG_WARN_BOOL_CONVERSION = YES;
				CLANG_WARN_CONSTANT_CONVERSION = YES;
				CLANG_WARN_DIRECT_OBJC_ISA_USAGE = YES_ERROR;
				CLANG_WARN_DOCUMENTATION_COMMENTS = YES;
				CLANG_WARN_EMPTY_BODY = YES;
				CLANG_WARN_ENUM_CONVERSION = YES;
				CLANG_WARN_INFINITE_RECURSION = YES;
				CLANG_WARN_INT_CONVERSION = YES;
				CLANG_WARN_OBJC_ROOT_CLASS = YES_ERROR;
				CLANG_WARN_SUSPICIOUS_MOVES = YES;
				CLANG_WARN_UNREACHABLE_CODE = YES;
				CLANG_WARN__DUPLICATE_METHOD_MATCH = YES;
				CODE_SIGN_IDENTITY = "-";
				COPY_PHASE_STRIP = NO;
				DEBUG_INFORMATION_FORMAT = "dwarf-with-dsym";
				ENABLE_NS_ASSERTIONS = NO;
				ENABLE_STRICT_OBJC_MSGSEND = YES;
				GCC_C_LANGUAGE_STANDARD = gnu99;
				GCC_NO_COMMON_BLOCKS = YES;
				GCC_WARN_64_TO_32_BIT_CONVERSION = YES;
				GCC_WARN_ABOUT_RETURN_TYPE = YES_ERROR;
				GCC_WARN_UNDECLARED_SELECTOR = YES;
				GCC_WARN_UNINITIALIZED_AUTOS = YES_AGGRESSIVE;
				GCC_WARN_UNUSED_FUNCTION = YES;
				GCC_WARN_UNUSED_VARIABLE = YES;
				MACOSX_DEPLOYMENT_TARGET = 10.11;
				MTL_ENABLE_DEBUG_INFO = NO;
				SDKROOT = macosx;
			};
			name = Release;
		};
		835C2D2D1D9D8C0A0019F073 /* Debug */ = {
			isa = XCBuildConfiguration;
			buildSettings = {
				ALWAYS_SEARCH_USER_PATHS = NO;
				HEADER_SEARCH_PATHS = /usr/local/include;
				LIBRARY_SEARCH_PATHS = (
					/usr/local/lib,
					"$(inherited)",
					"$(PROJECT_DIR)",
				);
				PRODUCT_NAME = "$(TARGET_NAME)";
				USE_HEADERMAP = YES;
			};
			name = Debug;
		};
		835C2D2E1D9D8C0A0019F073 /* Release */ = {
			isa = XCBuildConfiguration;
			buildSettings = {
				ALWAYS_SEARCH_USER_PATHS = NO;
				HEADER_SEARCH_PATHS = /usr/local/include;
				LIBRARY_SEARCH_PATHS = (
					/usr/local/lib,
					"$(inherited)",
					"$(PROJECT_DIR)",
				);
				PRODUCT_NAME = "$(TARGET_NAME)";
				USE_HEADERMAP = YES;
			};
			name = Release;
		};
/* End XCBuildConfiguration section */

/* Begin XCConfigurationList section */
		835C2D201D9D8C0A0019F073 /* Build configuration list for PBXProject "ReactorEngine" */ = {
			isa = XCConfigurationList;
			buildConfigurations = (
				835C2D2A1D9D8C0A0019F073 /* Debug */,
				835C2D2B1D9D8C0A0019F073 /* Release */,
			);
			defaultConfigurationIsVisible = 0;
			defaultConfigurationName = Release;
		};
		835C2D2C1D9D8C0A0019F073 /* Build configuration list for PBXNativeTarget "ReactorEngine" */ = {
			isa = XCConfigurationList;
			buildConfigurations = (
				835C2D2D1D9D8C0A0019F073 /* Debug */,
				835C2D2E1D9D8C0A0019F073 /* Release */,
			);
			defaultConfigurationIsVisible = 0;
			defaultConfigurationName = Release;
		};
/* End XCConfigurationList section */
	};
	rootObject = 835C2D1D1D9D8C0A0019F073 /* Project object */;
}
