// !$*UTF8*$!
{
	archiveVersion = 1;
	classes = {
	};
	objectVersion = 46;
	objects = {

/* Begin PBXBuildFile section */
		8334A2E61DA3691100140E2E /* time.cpp in Sources */ = {isa = PBXBuildFile; fileRef = 8334A2E51DA3691100140E2E /* time.cpp */; };
		83533A0E22737AC6001036C8 /* libglfw.3.3.dylib in Frameworks */ = {isa = PBXBuildFile; fileRef = 83533A0D22737AC6001036C8 /* libglfw.3.3.dylib */; };
		83533A1022737DC8001036C8 /* libGLEW.2.1.0.dylib in Frameworks */ = {isa = PBXBuildFile; fileRef = 83533A0F22737DC8001036C8 /* libGLEW.2.1.0.dylib */; };
		835C2D291D9D8C0A0019F073 /* main.cpp in Sources */ = {isa = PBXBuildFile; fileRef = 835C2D281D9D8C0A0019F073 /* main.cpp */; };
		835C3B021D9E194F0019F073 /* OpenGL.framework in Frameworks */ = {isa = PBXBuildFile; fileRef = 835C3B011D9E194F0019F073 /* OpenGL.framework */; };
		835C3B121D9F64600019F073 /* vector3.cpp in Sources */ = {isa = PBXBuildFile; fileRef = 835C3B111D9F64600019F073 /* vector3.cpp */; };
		835C3B151D9F65050019F073 /* matrix.cpp in Sources */ = {isa = PBXBuildFile; fileRef = 835C3B141D9F65050019F073 /* matrix.cpp */; };
		836785112276C712006F9E76 /* SDL2.framework in Frameworks */ = {isa = PBXBuildFile; fileRef = 836785102276C712006F9E76 /* SDL2.framework */; };
		8383071B1DB931F7005BE968 /* system.cpp in Sources */ = {isa = PBXBuildFile; fileRef = 838307191DB931F7005BE968 /* system.cpp */; };
		8383071F1DB93967005BE968 /* render_system.cpp in Sources */ = {isa = PBXBuildFile; fileRef = 8383071D1DB93967005BE968 /* render_system.cpp */; };
		838717451DA6CD8C008DC001 /* vector2.cpp in Sources */ = {isa = PBXBuildFile; fileRef = 838717431DA6CD8C008DC001 /* vector2.cpp */; };
		83AC872D1DA3450600B86308 /* renderer.cpp in Sources */ = {isa = PBXBuildFile; fileRef = 83AC872B1DA3450600B86308 /* renderer.cpp */; };
		83AC87311DA34AA400B86308 /* mesh.cpp in Sources */ = {isa = PBXBuildFile; fileRef = 83AC872F1DA34AA400B86308 /* mesh.cpp */; };
		83AC87341DA34DE100B86308 /* engine.cpp in Sources */ = {isa = PBXBuildFile; fileRef = 83AC87321DA34DE100B86308 /* engine.cpp */; };
		83B09E751ECC076A00B606F9 /* scene.cpp in Sources */ = {isa = PBXBuildFile; fileRef = 83B09E731ECC076A00B606F9 /* scene.cpp */; };
		83B09E781ECC0C3100B606F9 /* input.cpp in Sources */ = {isa = PBXBuildFile; fileRef = 83B09E761ECC0C3100B606F9 /* input.cpp */; };
		83B09E7B1ECC101400B606F9 /* util.cpp in Sources */ = {isa = PBXBuildFile; fileRef = 83B09E791ECC101400B606F9 /* util.cpp */; };
		83B09E8A1ECCCBF900B606F9 /* scene_main.cpp in Sources */ = {isa = PBXBuildFile; fileRef = 83B09E881ECCCBF900B606F9 /* scene_main.cpp */; };
		83B09E931ECD383F00B606F9 /* camera.cpp in Sources */ = {isa = PBXBuildFile; fileRef = 83B09E911ECD383F00B606F9 /* camera.cpp */; };
		83C78A8D1DA55A420008466D /* texture.cpp in Sources */ = {isa = PBXBuildFile; fileRef = 83C78A8B1DA55A420008466D /* texture.cpp */; };
		83C856601E87B33C003429DB /* quaternion.cpp in Sources */ = {isa = PBXBuildFile; fileRef = 83C8565E1E87B33C003429DB /* quaternion.cpp */; };
		83D0FF6D1DB682B6002B749E /* game_object.cpp in Sources */ = {isa = PBXBuildFile; fileRef = 83D0FF6B1DB682B6002B749E /* game_object.cpp */; };
		83D0FF711DB68389002B749E /* component.cpp in Sources */ = {isa = PBXBuildFile; fileRef = 83D0FF6F1DB68389002B749E /* component.cpp */; };
		83D0FF741DB6869F002B749E /* transform.cpp in Sources */ = {isa = PBXBuildFile; fileRef = 83D0FF721DB6869F002B749E /* transform.cpp */; };
		83DFA5D42278DC0C00C32A1E /* time_system.cpp in Sources */ = {isa = PBXBuildFile; fileRef = 83DFA5D22278DC0C00C32A1E /* time_system.cpp */; };
/* End PBXBuildFile section */

/* Begin PBXCopyFilesBuildPhase section */
		835C2D231D9D8C0A0019F073 /* CopyFiles */ = {
			isa = PBXCopyFilesBuildPhase;
			buildActionMask = 2147483647;
			dstPath = /usr/share/man/man1/;
			dstSubfolderSpec = 0;
			files = (
			);
			runOnlyForDeploymentPostprocessing = 1;
		};
/* End PBXCopyFilesBuildPhase section */

/* Begin PBXFileReference section */
		8334A2E41DA3691100140E2E /* time.hpp */ = {isa = PBXFileReference; fileEncoding = 4; lastKnownFileType = sourcecode.cpp.h; path = time.hpp; sourceTree = "<group>"; };
		8334A2E51DA3691100140E2E /* time.cpp */ = {isa = PBXFileReference; fileEncoding = 4; lastKnownFileType = sourcecode.cpp.cpp; path = time.cpp; sourceTree = "<group>"; };
		83533A0D22737AC6001036C8 /* libglfw.3.3.dylib */ = {isa = PBXFileReference; lastKnownFileType = "compiled.mach-o.dylib"; name = libglfw.3.3.dylib; path = ../../../../../usr/local/Cellar/glfw/3.3/lib/libglfw.3.3.dylib; sourceTree = "<group>"; };
		83533A0F22737DC8001036C8 /* libGLEW.2.1.0.dylib */ = {isa = PBXFileReference; lastKnownFileType = "compiled.mach-o.dylib"; name = libGLEW.2.1.0.dylib; path = ../../../../../usr/local/Cellar/glew/2.1.0/lib/libGLEW.2.1.0.dylib; sourceTree = "<group>"; };
		835C2D251D9D8C0A0019F073 /* ReactorEngine */ = {isa = PBXFileReference; explicitFileType = "compiled.mach-o.executable"; includeInIndex = 0; path = ReactorEngine; sourceTree = BUILT_PRODUCTS_DIR; };
		835C2D281D9D8C0A0019F073 /* main.cpp */ = {isa = PBXFileReference; lastKnownFileType = sourcecode.cpp.cpp; path = main.cpp; sourceTree = "<group>"; };
		835C3B011D9E194F0019F073 /* OpenGL.framework */ = {isa = PBXFileReference; lastKnownFileType = wrapper.framework; name = OpenGL.framework; path = System/Library/Frameworks/OpenGL.framework; sourceTree = SDKROOT; };
		835C3B0D1D9E2ACE0019F073 /* main.hpp */ = {isa = PBXFileReference; lastKnownFileType = sourcecode.cpp.h; path = main.hpp; sourceTree = "<group>"; };
		835C3B0E1D9F621C0019F073 /* GLUT.framework */ = {isa = PBXFileReference; lastKnownFileType = wrapper.framework; name = GLUT.framework; path = System/Library/Frameworks/GLUT.framework; sourceTree = SDKROOT; };
		835C3B101D9F64600019F073 /* vector3.hpp */ = {isa = PBXFileReference; fileEncoding = 4; lastKnownFileType = sourcecode.cpp.h; path = vector3.hpp; sourceTree = "<group>"; };
		835C3B111D9F64600019F073 /* vector3.cpp */ = {isa = PBXFileReference; fileEncoding = 4; lastKnownFileType = sourcecode.cpp.cpp; path = vector3.cpp; sourceTree = "<group>"; };
		835C3B131D9F65050019F073 /* matrix.hpp */ = {isa = PBXFileReference; fileEncoding = 4; lastKnownFileType = sourcecode.cpp.h; path = matrix.hpp; sourceTree = "<group>"; };
		835C3B141D9F65050019F073 /* matrix.cpp */ = {isa = PBXFileReference; fileEncoding = 4; lastKnownFileType = sourcecode.cpp.cpp; path = matrix.cpp; sourceTree = "<group>"; };
		8367850D2276C02A006F9E76 /* QTKit.framework */ = {isa = PBXFileReference; lastKnownFileType = wrapper.framework; name = QTKit.framework; path = System/Library/Frameworks/QTKit.framework; sourceTree = SDKROOT; };
		836785102276C712006F9E76 /* SDL2.framework */ = {isa = PBXFileReference; lastKnownFileType = wrapper.framework; name = SDL2.framework; path = ../../../../../Library/Frameworks/SDL2.framework; sourceTree = "<group>"; };
		838307191DB931F7005BE968 /* system.cpp */ = {isa = PBXFileReference; fileEncoding = 4; lastKnownFileType = sourcecode.cpp.cpp; path = system.cpp; sourceTree = "<group>"; };
		8383071A1DB931F7005BE968 /* system.hpp */ = {isa = PBXFileReference; fileEncoding = 4; lastKnownFileType = sourcecode.cpp.h; path = system.hpp; sourceTree = "<group>"; };
		8383071D1DB93967005BE968 /* render_system.cpp */ = {isa = PBXFileReference; fileEncoding = 4; lastKnownFileType = sourcecode.cpp.cpp; path = render_system.cpp; sourceTree = "<group>"; };
		8383071E1DB93967005BE968 /* render_system.hpp */ = {isa = PBXFileReference; fileEncoding = 4; lastKnownFileType = sourcecode.cpp.h; path = render_system.hpp; sourceTree = "<group>"; };
		838717431DA6CD8C008DC001 /* vector2.cpp */ = {isa = PBXFileReference; fileEncoding = 4; lastKnownFileType = sourcecode.cpp.cpp; path = vector2.cpp; sourceTree = "<group>"; };
		838717441DA6CD8C008DC001 /* vector2.hpp */ = {isa = PBXFileReference; fileEncoding = 4; lastKnownFileType = sourcecode.cpp.h; path = vector2.hpp; sourceTree = "<group>"; };
		838E15081F3540B3006E368C /* (CODWAW)char_base_fabric_cotton_n.tga */ = {isa = PBXFileReference; lastKnownFileType = file; path = "(CODWAW)char_base_fabric_cotton_n.tga"; sourceTree = "<group>"; };
		838E15091F3540B3006E368C /* feet_000_u.xdd */ = {isa = PBXFileReference; lastKnownFileType = file; path = feet_000_u.xdd; sourceTree = "<group>"; };
		838E150A1F3540B3006E368C /* feet_000_u_0.obj */ = {isa = PBXFileReference; lastKnownFileType = text; path = feet_000_u_0.obj; sourceTree = "<group>"; };
		838E150B1F3540B3006E368C /* feet_diff_000_a_uni.tga */ = {isa = PBXFileReference; lastKnownFileType = file; path = feet_diff_000_a_uni.tga; sourceTree = "<group>"; };
		838E150C1F3540B3006E368C /* feet_diff_000_b_uni.tga */ = {isa = PBXFileReference; lastKnownFileType = file; path = feet_diff_000_b_uni.tga; sourceTree = "<group>"; };
		838E150D1F3540B3006E368C /* feet_diff_000_c_uni.tga */ = {isa = PBXFileReference; lastKnownFileType = file; path = feet_diff_000_c_uni.tga; sourceTree = "<group>"; };
		838E150E1F3540B3006E368C /* feet_diff_000_d_uni.tga */ = {isa = PBXFileReference; lastKnownFileType = file; path = feet_diff_000_d_uni.tga; sourceTree = "<group>"; };
		838E150F1F3540B3006E368C /* feet_diff_000_e_uni.tga */ = {isa = PBXFileReference; lastKnownFileType = file; path = feet_diff_000_e_uni.tga; sourceTree = "<group>"; };
		838E15101F3540B3006E368C /* feet_diff_000_f_uni.tga */ = {isa = PBXFileReference; lastKnownFileType = file; path = feet_diff_000_f_uni.tga; sourceTree = "<group>"; };
		838E15111F3540B3006E368C /* feet_norm_000_a_uni.tga */ = {isa = PBXFileReference; lastKnownFileType = file; path = feet_norm_000_a_uni.tga; sourceTree = "<group>"; };
		838E15121F3540B3006E368C /* feet_spec_000_a_uni.tga */ = {isa = PBXFileReference; lastKnownFileType = file; path = feet_spec_000_a_uni.tga; sourceTree = "<group>"; };
		838E15131F3540B3006E368C /* hair_000_u.xdd */ = {isa = PBXFileReference; lastKnownFileType = file; path = hair_000_u.xdd; sourceTree = "<group>"; };
		838E15141F3540B3006E368C /* hair_000_u_0.obj */ = {isa = PBXFileReference; lastKnownFileType = text; path = hair_000_u_0.obj; sourceTree = "<group>"; };
		838E15151F3540B3006E368C /* hair_000_u_4.obj */ = {isa = PBXFileReference; lastKnownFileType = text; path = hair_000_u_4.obj; sourceTree = "<group>"; };
		838E15161F3540B3006E368C /* hair_diff_000_a_uni.tga */ = {isa = PBXFileReference; lastKnownFileType = file; path = hair_diff_000_a_uni.tga; sourceTree = "<group>"; };
		838E15171F3540B3006E368C /* hair_norm_000_a_uni.tga */ = {isa = PBXFileReference; lastKnownFileType = file; path = hair_norm_000_a_uni.tga; sourceTree = "<group>"; };
		838E15181F3540B3006E368C /* hand_000_r.xdd */ = {isa = PBXFileReference; lastKnownFileType = file; path = hand_000_r.xdd; sourceTree = "<group>"; };
		838E15191F3540B3006E368C /* hand_000_r_0.obj */ = {isa = PBXFileReference; lastKnownFileType = text; path = hand_000_r_0.obj; sourceTree = "<group>"; };
		838E151A1F3540B3006E368C /* hand_diff_000_a_whi.tga */ = {isa = PBXFileReference; lastKnownFileType = file; path = hand_diff_000_a_whi.tga; sourceTree = "<group>"; };
		838E151B1F3540B3006E368C /* hand_norm_000_a_whi.tga */ = {isa = PBXFileReference; lastKnownFileType = file; path = hand_norm_000_a_whi.tga; sourceTree = "<group>"; };
		838E151C1F3540B3006E368C /* hand_spec_000_a_whi.tga */ = {isa = PBXFileReference; lastKnownFileType = file; path = hand_spec_000_a_whi.tga; sourceTree = "<group>"; };
		838E151D1F3540B3006E368C /* head_000_r.xdd */ = {isa = PBXFileReference; lastKnownFileType = file; path = head_000_r.xdd; sourceTree = "<group>"; };
		838E151E1F3540B3006E368C /* head_000_r_0.obj */ = {isa = PBXFileReference; lastKnownFileType = text; path = head_000_r_0.obj; sourceTree = "<group>"; };
		838E151F1F3540B3006E368C /* head_diff_000_c_whi.tga */ = {isa = PBXFileReference; lastKnownFileType = file; path = head_diff_000_c_whi.tga; sourceTree = "<group>"; };
		838E15201F3540B3006E368C /* head_norm_000_c_whi.tga */ = {isa = PBXFileReference; lastKnownFileType = file; path = head_norm_000_c_whi.tga; sourceTree = "<group>"; };
		838E15211F3540B3006E368C /* head_norm_001_c_whi.tga */ = {isa = PBXFileReference; lastKnownFileType = file; path = head_norm_001_c_whi.tga; sourceTree = "<group>"; };
		838E15221F3540B3006E368C /* head_norm_002_c_whi.tga */ = {isa = PBXFileReference; lastKnownFileType = file; path = head_norm_002_c_whi.tga; sourceTree = "<group>"; };
		838E15231F3540B3006E368C /* head_spec_000_c_whi.tga */ = {isa = PBXFileReference; lastKnownFileType = file; path = head_spec_000_c_whi.tga; sourceTree = "<group>"; };
		838E15241F3540B3006E368C /* lowr_000_u.xdd */ = {isa = PBXFileReference; lastKnownFileType = file; path = lowr_000_u.xdd; sourceTree = "<group>"; };
		838E15251F3540B3006E368C /* lowr_000_u_0.obj */ = {isa = PBXFileReference; lastKnownFileType = text; path = lowr_000_u_0.obj; sourceTree = "<group>"; };
		838E15261F3540B3006E368C /* lowr_diff_000_a_uni.tga */ = {isa = PBXFileReference; lastKnownFileType = file; path = lowr_diff_000_a_uni.tga; sourceTree = "<group>"; };
		838E15271F3540B3006E368C /* lowr_diff_000_b_uni.tga */ = {isa = PBXFileReference; lastKnownFileType = file; path = lowr_diff_000_b_uni.tga; sourceTree = "<group>"; };
		838E15281F3540B3006E368C /* lowr_diff_000_c_uni.tga */ = {isa = PBXFileReference; lastKnownFileType = file; path = lowr_diff_000_c_uni.tga; sourceTree = "<group>"; };
		838E15291F3540B3006E368C /* lowr_diff_000_d_uni.tga */ = {isa = PBXFileReference; lastKnownFileType = file; path = lowr_diff_000_d_uni.tga; sourceTree = "<group>"; };
		838E152A1F3540B3006E368C /* lowr_diff_000_e_uni.tga */ = {isa = PBXFileReference; lastKnownFileType = file; path = lowr_diff_000_e_uni.tga; sourceTree = "<group>"; };
		838E152B1F3540B3006E368C /* lowr_diff_000_f_uni.tga */ = {isa = PBXFileReference; lastKnownFileType = file; path = lowr_diff_000_f_uni.tga; sourceTree = "<group>"; };
		838E152C1F3540B3006E368C /* lowr_diff_000_g_uni.tga */ = {isa = PBXFileReference; lastKnownFileType = file; path = lowr_diff_000_g_uni.tga; sourceTree = "<group>"; };
		838E152D1F3540B3006E368C /* lowr_diff_000_h_uni.tga */ = {isa = PBXFileReference; lastKnownFileType = file; path = lowr_diff_000_h_uni.tga; sourceTree = "<group>"; };
		838E152E1F3540B3006E368C /* lowr_diff_000_i_uni.tga */ = {isa = PBXFileReference; lastKnownFileType = file; path = lowr_diff_000_i_uni.tga; sourceTree = "<group>"; };
		838E152F1F3540B3006E368C /* lowr_diff_000_j_uni.tga */ = {isa = PBXFileReference; lastKnownFileType = file; path = lowr_diff_000_j_uni.tga; sourceTree = "<group>"; };
		838E15301F3540B3006E368C /* lowr_diff_000_k_uni.tga */ = {isa = PBXFileReference; lastKnownFileType = file; path = lowr_diff_000_k_uni.tga; sourceTree = "<group>"; };
		838E15311F3540B3006E368C /* lowr_diff_000_l_uni.tga */ = {isa = PBXFileReference; lastKnownFileType = file; path = lowr_diff_000_l_uni.tga; sourceTree = "<group>"; };
		838E15321F3540B3006E368C /* lowr_diff_000_m_uni.tga */ = {isa = PBXFileReference; lastKnownFileType = file; path = lowr_diff_000_m_uni.tga; sourceTree = "<group>"; };
		838E15331F3540B3006E368C /* lowr_diff_000_n_uni.tga */ = {isa = PBXFileReference; lastKnownFileType = file; path = lowr_diff_000_n_uni.tga; sourceTree = "<group>"; };
		838E15341F3540B3006E368C /* lowr_diff_000_o_uni.tga */ = {isa = PBXFileReference; lastKnownFileType = file; path = lowr_diff_000_o_uni.tga; sourceTree = "<group>"; };
		838E15351F3540B3006E368C /* lowr_diff_000_p_uni.tga */ = {isa = PBXFileReference; lastKnownFileType = file; path = lowr_diff_000_p_uni.tga; sourceTree = "<group>"; };
		838E15361F3540B3006E368C /* lowr_mask_000_a_uni.tga */ = {isa = PBXFileReference; lastKnownFileType = file; path = lowr_mask_000_a_uni.tga; sourceTree = "<group>"; };
		838E15371F3540B3006E368C /* lowr_norm_000_a_uni.tga */ = {isa = PBXFileReference; lastKnownFileType = file; path = lowr_norm_000_a_uni.tga; sourceTree = "<group>"; };
		838E15381F3540B3006E368C /* lowr_norm_002_a_uni.tga */ = {isa = PBXFileReference; lastKnownFileType = file; path = lowr_norm_002_a_uni.tga; sourceTree = "<group>"; };
		838E15391F3540B3006E368C /* lowr_specmask_000_a_uni.tga */ = {isa = PBXFileReference; lastKnownFileType = file; path = lowr_specmask_000_a_uni.tga; sourceTree = "<group>"; };
		838E153A1F3540B3006E368C /* michael_fullbody.obj */ = {isa = PBXFileReference; lastKnownFileType = text; path = michael_fullbody.obj; sourceTree = "<group>"; };
		838E153B1F3540B3006E368C /* teef_000_u.xdd */ = {isa = PBXFileReference; lastKnownFileType = file; path = teef_000_u.xdd; sourceTree = "<group>"; };
		838E153C1F3540B3006E368C /* teef_000_u_0.obj */ = {isa = PBXFileReference; lastKnownFileType = text; path = teef_000_u_0.obj; sourceTree = "<group>"; };
		838E153D1F3540B3006E368C /* teef_diff_000_a_uni.tga */ = {isa = PBXFileReference; lastKnownFileType = file; path = teef_diff_000_a_uni.tga; sourceTree = "<group>"; };
		838E153E1F3540B3006E368C /* teef_fx_000_a_uni.tga */ = {isa = PBXFileReference; lastKnownFileType = file; path = teef_fx_000_a_uni.tga; sourceTree = "<group>"; };
		838E153F1F3540B3006E368C /* teef_norm_000_a_uni.tga */ = {isa = PBXFileReference; lastKnownFileType = file; path = teef_norm_000_a_uni.tga; sourceTree = "<group>"; };
		838E15401F3540B3006E368C /* teef_spec_000_a_uni.tga */ = {isa = PBXFileReference; lastKnownFileType = file; path = teef_spec_000_a_uni.tga; sourceTree = "<group>"; };
		838E15411F3540B3006E368C /* uppr_000_u.xdd */ = {isa = PBXFileReference; lastKnownFileType = file; path = uppr_000_u.xdd; sourceTree = "<group>"; };
		838E15421F3540B3006E368C /* uppr_000_u_0.obj */ = {isa = PBXFileReference; lastKnownFileType = text; path = uppr_000_u_0.obj; sourceTree = "<group>"; };
		838E15431F3540B3006E368C /* uppr_000_u_1.obj */ = {isa = PBXFileReference; lastKnownFileType = text; path = uppr_000_u_1.obj; sourceTree = "<group>"; };
		838E15441F3540B3006E368C /* uppr_diff_000_a_uni.tga */ = {isa = PBXFileReference; lastKnownFileType = file; path = uppr_diff_000_a_uni.tga; sourceTree = "<group>"; };
		838E15451F3540B3006E368C /* uppr_diff_000_a_uni_yellow.tga */ = {isa = PBXFileReference; lastKnownFileType = file; path = uppr_diff_000_a_uni_yellow.tga; sourceTree = "<group>"; };
		838E15461F3540B3006E368C /* uppr_diff_000_b_uni.tga */ = {isa = PBXFileReference; lastKnownFileType = file; path = uppr_diff_000_b_uni.tga; sourceTree = "<group>"; };
		838E15471F3540B3006E368C /* uppr_diff_000_c_uni.tga */ = {isa = PBXFileReference; lastKnownFileType = file; path = uppr_diff_000_c_uni.tga; sourceTree = "<group>"; };
		838E15481F3540B3006E368C /* uppr_diff_000_d_uni.tga */ = {isa = PBXFileReference; lastKnownFileType = file; path = uppr_diff_000_d_uni.tga; sourceTree = "<group>"; };
		838E15491F3540B3006E368C /* uppr_diff_000_e_uni.tga */ = {isa = PBXFileReference; lastKnownFileType = file; path = uppr_diff_000_e_uni.tga; sourceTree = "<group>"; };
		838E154A1F3540B3006E368C /* uppr_diff_000_f_uni.tga */ = {isa = PBXFileReference; lastKnownFileType = file; path = uppr_diff_000_f_uni.tga; sourceTree = "<group>"; };
		838E154B1F3540B3006E368C /* uppr_diff_000_g_uni.tga */ = {isa = PBXFileReference; lastKnownFileType = file; path = uppr_diff_000_g_uni.tga; sourceTree = "<group>"; };
		838E154C1F3540B3006E368C /* uppr_diff_000_h_uni.tga */ = {isa = PBXFileReference; lastKnownFileType = file; path = uppr_diff_000_h_uni.tga; sourceTree = "<group>"; };
		838E154D1F3540B3006E368C /* uppr_diff_000_i_uni.tga */ = {isa = PBXFileReference; lastKnownFileType = file; path = uppr_diff_000_i_uni.tga; sourceTree = "<group>"; };
		838E154E1F3540B3006E368C /* uppr_diff_000_j_uni.tga */ = {isa = PBXFileReference; lastKnownFileType = file; path = uppr_diff_000_j_uni.tga; sourceTree = "<group>"; };
		838E154F1F3540B3006E368C /* uppr_diff_000_k_uni.tga */ = {isa = PBXFileReference; lastKnownFileType = file; path = uppr_diff_000_k_uni.tga; sourceTree = "<group>"; };
		838E15501F3540B3006E368C /* uppr_diff_000_l_uni.tga */ = {isa = PBXFileReference; lastKnownFileType = file; path = uppr_diff_000_l_uni.tga; sourceTree = "<group>"; };
		838E15511F3540B3006E368C /* uppr_diff_000_m_uni.tga */ = {isa = PBXFileReference; lastKnownFileType = file; path = uppr_diff_000_m_uni.tga; sourceTree = "<group>"; };
		838E15521F3540B3006E368C /* uppr_diff_000_n_uni.tga */ = {isa = PBXFileReference; lastKnownFileType = file; path = uppr_diff_000_n_uni.tga; sourceTree = "<group>"; };
		838E15531F3540B3006E368C /* uppr_diff_000_o_uni.tga */ = {isa = PBXFileReference; lastKnownFileType = file; path = uppr_diff_000_o_uni.tga; sourceTree = "<group>"; };
		838E15541F3540B3006E368C /* uppr_diff_000_p_uni.tga */ = {isa = PBXFileReference; lastKnownFileType = file; path = uppr_diff_000_p_uni.tga; sourceTree = "<group>"; };
		838E15551F3540B3006E368C /* uppr_norm_000_a_uni.tga */ = {isa = PBXFileReference; lastKnownFileType = file; path = uppr_norm_000_a_uni.tga; sourceTree = "<group>"; };
		838E15561F3540B3006E368C /* uppr_spec_mask_000_a_uni.tga */ = {isa = PBXFileReference; lastKnownFileType = file; path = uppr_spec_mask_000_a_uni.tga; sourceTree = "<group>"; };
		838E15571F3540BF006E368C /* negx.bmp */ = {isa = PBXFileReference; lastKnownFileType = image.bmp; path = negx.bmp; sourceTree = "<group>"; };
		838E15581F3540BF006E368C /* negy.bmp */ = {isa = PBXFileReference; lastKnownFileType = image.bmp; path = negy.bmp; sourceTree = "<group>"; };
		838E15591F3540BF006E368C /* negz.bmp */ = {isa = PBXFileReference; lastKnownFileType = image.bmp; path = negz.bmp; sourceTree = "<group>"; };
		838E155A1F3540BF006E368C /* posx.bmp */ = {isa = PBXFileReference; lastKnownFileType = image.bmp; path = posx.bmp; sourceTree = "<group>"; };
		838E155B1F3540BF006E368C /* posy.bmp */ = {isa = PBXFileReference; lastKnownFileType = image.bmp; path = posy.bmp; sourceTree = "<group>"; };
		838E155C1F3540BF006E368C /* posz.bmp */ = {isa = PBXFileReference; lastKnownFileType = image.bmp; path = posz.bmp; sourceTree = "<group>"; };
		838E155D1F3540BF006E368C /* skybox.bmp */ = {isa = PBXFileReference; lastKnownFileType = image.bmp; path = skybox.bmp; sourceTree = "<group>"; };
		838E155E1F3541A7006E368C /* head_diff_000_c_whi.bmp */ = {isa = PBXFileReference; lastKnownFileType = image.bmp; path = head_diff_000_c_whi.bmp; sourceTree = "<group>"; };
		838EA12C1DA1B244004F56EF /* shader.fs */ = {isa = PBXFileReference; lastKnownFileType = sourcecode.glsl; path = shader.fs; sourceTree = "<group>"; };
		838EA12D1DA1B244004F56EF /* shader.vs */ = {isa = PBXFileReference; lastKnownFileType = sourcecode.glsl; path = shader.vs; sourceTree = "<group>"; };
		83AC872B1DA3450600B86308 /* renderer.cpp */ = {isa = PBXFileReference; fileEncoding = 4; lastKnownFileType = sourcecode.cpp.cpp; path = renderer.cpp; sourceTree = "<group>"; };
		83AC872E1DA34A8E00B86308 /* renderer.hpp */ = {isa = PBXFileReference; lastKnownFileType = sourcecode.cpp.h; path = renderer.hpp; sourceTree = "<group>"; };
		83AC872F1DA34AA400B86308 /* mesh.cpp */ = {isa = PBXFileReference; fileEncoding = 4; lastKnownFileType = sourcecode.cpp.cpp; path = mesh.cpp; sourceTree = "<group>"; };
		83AC87301DA34AA400B86308 /* mesh.hpp */ = {isa = PBXFileReference; fileEncoding = 4; lastKnownFileType = sourcecode.cpp.h; path = mesh.hpp; sourceTree = "<group>"; };
		83AC87321DA34DE100B86308 /* engine.cpp */ = {isa = PBXFileReference; fileEncoding = 4; lastKnownFileType = sourcecode.cpp.cpp; path = engine.cpp; sourceTree = "<group>"; };
		83AC87331DA34DE100B86308 /* engine.hpp */ = {isa = PBXFileReference; fileEncoding = 4; lastKnownFileType = sourcecode.cpp.h; path = engine.hpp; sourceTree = "<group>"; };
		83B09E731ECC076A00B606F9 /* scene.cpp */ = {isa = PBXFileReference; fileEncoding = 4; lastKnownFileType = sourcecode.cpp.cpp; path = scene.cpp; sourceTree = "<group>"; };
		83B09E741ECC076A00B606F9 /* scene.hpp */ = {isa = PBXFileReference; fileEncoding = 4; lastKnownFileType = sourcecode.cpp.h; path = scene.hpp; sourceTree = "<group>"; };
		83B09E761ECC0C3100B606F9 /* input.cpp */ = {isa = PBXFileReference; fileEncoding = 4; lastKnownFileType = sourcecode.cpp.cpp; path = input.cpp; sourceTree = "<group>"; };
		83B09E771ECC0C3100B606F9 /* input.hpp */ = {isa = PBXFileReference; fileEncoding = 4; lastKnownFileType = sourcecode.cpp.h; path = input.hpp; sourceTree = "<group>"; };
		83B09E791ECC101400B606F9 /* util.cpp */ = {isa = PBXFileReference; fileEncoding = 4; lastKnownFileType = sourcecode.cpp.cpp; path = util.cpp; sourceTree = "<group>"; };
		83B09E7A1ECC101400B606F9 /* util.hpp */ = {isa = PBXFileReference; fileEncoding = 4; lastKnownFileType = sourcecode.cpp.h; path = util.hpp; sourceTree = "<group>"; };
		83B09E881ECCCBF900B606F9 /* scene_main.cpp */ = {isa = PBXFileReference; fileEncoding = 4; lastKnownFileType = sourcecode.cpp.cpp; path = scene_main.cpp; sourceTree = "<group>"; };
		83B09E891ECCCBF900B606F9 /* scene_main.hpp */ = {isa = PBXFileReference; fileEncoding = 4; lastKnownFileType = sourcecode.cpp.h; path = scene_main.hpp; sourceTree = "<group>"; };
		83B09E8C1ECD364600B606F9 /* arrow.obj */ = {isa = PBXFileReference; lastKnownFileType = text; path = arrow.obj; sourceTree = "<group>"; };
		83B09E8E1ECD364600B606F9 /* blue.bmp */ = {isa = PBXFileReference; lastKnownFileType = image.bmp; path = blue.bmp; sourceTree = "<group>"; };
		83B09E8F1ECD364600B606F9 /* green.bmp */ = {isa = PBXFileReference; lastKnownFileType = image.bmp; path = green.bmp; sourceTree = "<group>"; };
		83B09E901ECD364600B606F9 /* red.bmp */ = {isa = PBXFileReference; lastKnownFileType = image.bmp; path = red.bmp; sourceTree = "<group>"; };
		83B09E911ECD383F00B606F9 /* camera.cpp */ = {isa = PBXFileReference; fileEncoding = 4; lastKnownFileType = sourcecode.cpp.cpp; path = camera.cpp; sourceTree = "<group>"; };
		83B09E921ECD383F00B606F9 /* camera.hpp */ = {isa = PBXFileReference; fileEncoding = 4; lastKnownFileType = sourcecode.cpp.h; path = camera.hpp; sourceTree = "<group>"; };
		83C78A8B1DA55A420008466D /* texture.cpp */ = {isa = PBXFileReference; fileEncoding = 4; lastKnownFileType = sourcecode.cpp.cpp; path = texture.cpp; sourceTree = "<group>"; };
		83C78A8C1DA55A420008466D /* texture.hpp */ = {isa = PBXFileReference; fileEncoding = 4; lastKnownFileType = sourcecode.cpp.h; path = texture.hpp; sourceTree = "<group>"; };
		83C855FE1E87ABCE003429DB /* ambo_mesh.obj */ = {isa = PBXFileReference; lastKnownFileType = text; path = ambo_mesh.obj; sourceTree = "<group>"; };
		83C855FF1E87ABCE003429DB /* ambo_seperate_mesh.obj */ = {isa = PBXFileReference; lastKnownFileType = text; path = ambo_seperate_mesh.obj; sourceTree = "<group>"; };
		83C856001E87ABCE003429DB /* apartment_large_mesh.obj */ = {isa = PBXFileReference; lastKnownFileType = text; path = apartment_large_mesh.obj; sourceTree = "<group>"; };
		83C856011E87ABCE003429DB /* ariel_mesh.obj */ = {isa = PBXFileReference; lastKnownFileType = text; path = ariel_mesh.obj; sourceTree = "<group>"; };
		83C856021E87ABCE003429DB /* billboard_mesh.obj */ = {isa = PBXFileReference; lastKnownFileType = text; path = billboard_mesh.obj; sourceTree = "<group>"; };
		83C856031E87ABCE003429DB /* bin_mesh.obj */ = {isa = PBXFileReference; lastKnownFileType = text; path = bin_mesh.obj; sourceTree = "<group>"; };
		83C856041E87ABCE003429DB /* bus_mesh.obj */ = {isa = PBXFileReference; lastKnownFileType = text; path = bus_mesh.obj; sourceTree = "<group>"; };
		83C856051E87ABCE003429DB /* bus_seperate_mesh.obj */ = {isa = PBXFileReference; lastKnownFileType = text; path = bus_seperate_mesh.obj; sourceTree = "<group>"; };
		83C856061E87ABCE003429DB /* bush_large_mesh.obj */ = {isa = PBXFileReference; lastKnownFileType = text; path = bush_large_mesh.obj; sourceTree = "<group>"; };
		83C856071E87ABCE003429DB /* bush_small_mesh.obj */ = {isa = PBXFileReference; lastKnownFileType = text; path = bush_small_mesh.obj; sourceTree = "<group>"; };
		83C856081E87ABCE003429DB /* car_mesh.obj */ = {isa = PBXFileReference; lastKnownFileType = text; path = car_mesh.obj; sourceTree = "<group>"; };
		83C856091E87ABCE003429DB /* car_seperate_mesh.obj */ = {isa = PBXFileReference; lastKnownFileType = text; path = car_seperate_mesh.obj; sourceTree = "<group>"; };
		83C8560A1E87ABCE003429DB /* cop_mesh.obj */ = {isa = PBXFileReference; lastKnownFileType = text; path = cop_mesh.obj; sourceTree = "<group>"; };
		83C8560B1E87ABCE003429DB /* cop_seperate_mesh.obj */ = {isa = PBXFileReference; lastKnownFileType = text; path = cop_seperate_mesh.obj; sourceTree = "<group>"; };
		83C8560C1E87ABCE003429DB /* dish_mesh.obj */ = {isa = PBXFileReference; lastKnownFileType = text; path = dish_mesh.obj; sourceTree = "<group>"; };
		83C8560D1E87ABCE003429DB /* dumpster_mesh.obj */ = {isa = PBXFileReference; lastKnownFileType = text; path = dumpster_mesh.obj; sourceTree = "<group>"; };
		83C8560E1E87ABCE003429DB /* fence_long_mesh.obj */ = {isa = PBXFileReference; lastKnownFileType = text; path = fence_long_mesh.obj; sourceTree = "<group>"; };
		83C8560F1E87ABCE003429DB /* fence_short_mesh.obj */ = {isa = PBXFileReference; lastKnownFileType = text; path = fence_short_mesh.obj; sourceTree = "<group>"; };
		83C856101E87ABCE003429DB /* fire_truck_seperate_mesh.obj */ = {isa = PBXFileReference; lastKnownFileType = text; path = fire_truck_seperate_mesh.obj; sourceTree = "<group>"; };
		83C856111E87ABCE003429DB /* flag_mesh.obj */ = {isa = PBXFileReference; lastKnownFileType = text; path = flag_mesh.obj; sourceTree = "<group>"; };
		83C856121E87ABCE003429DB /* flower_mesh.obj */ = {isa = PBXFileReference; lastKnownFileType = text; path = flower_mesh.obj; sourceTree = "<group>"; };
		83C856131E87ABCE003429DB /* grave_large_mesh.obj */ = {isa = PBXFileReference; lastKnownFileType = text; path = grave_large_mesh.obj; sourceTree = "<group>"; };
		83C856141E87ABCE003429DB /* grave_medium_mesh.obj */ = {isa = PBXFileReference; lastKnownFileType = text; path = grave_medium_mesh.obj; sourceTree = "<group>"; };
		83C856151E87ABCE003429DB /* grave_small_mesh.obj */ = {isa = PBXFileReference; lastKnownFileType = text; path = grave_small_mesh.obj; sourceTree = "<group>"; };
		83C856161E87ABCE003429DB /* hedge_mesh.obj */ = {isa = PBXFileReference; lastKnownFileType = text; path = hedge_mesh.obj; sourceTree = "<group>"; };
		83C856171E87ABCE003429DB /* hydrant_mesh.obj */ = {isa = PBXFileReference; lastKnownFileType = text; path = hydrant_mesh.obj; sourceTree = "<group>"; };
		83C856181E87ABCE003429DB /* lamp_mesh.obj */ = {isa = PBXFileReference; lastKnownFileType = text; path = lamp_mesh.obj; sourceTree = "<group>"; };
		83C856191E87ABCE003429DB /* memorial_mesh.obj */ = {isa = PBXFileReference; lastKnownFileType = text; path = memorial_mesh.obj; sourceTree = "<group>"; };
		83C8561A1E87ABCE003429DB /* office_large_mesh.obj */ = {isa = PBXFileReference; lastKnownFileType = text; path = office_large_mesh.obj; sourceTree = "<group>"; };
		83C8561B1E87ABCE003429DB /* office_medium_mesh.obj */ = {isa = PBXFileReference; lastKnownFileType = text; path = office_medium_mesh.obj; sourceTree = "<group>"; };
		83C8561C1E87ABCE003429DB /* office_stepped_mesh.obj */ = {isa = PBXFileReference; lastKnownFileType = text; path = office_stepped_mesh.obj; sourceTree = "<group>"; };
		83C8561D1E87ABCE003429DB /* path_cross_mesh.obj */ = {isa = PBXFileReference; lastKnownFileType = text; path = path_cross_mesh.obj; sourceTree = "<group>"; };
		83C8561E1E87ABCE003429DB /* path_straight_mesh.obj */ = {isa = PBXFileReference; lastKnownFileType = text; path = path_straight_mesh.obj; sourceTree = "<group>"; };
		83C8561F1E87ABCE003429DB /* pipe_mesh.obj */ = {isa = PBXFileReference; lastKnownFileType = text; path = pipe_mesh.obj; sourceTree = "<group>"; };
		83C856201E87ABCE003429DB /* road_bend_left_mesh.obj */ = {isa = PBXFileReference; lastKnownFileType = text; path = road_bend_left_mesh.obj; sourceTree = "<group>"; };
		83C856211E87ABCE003429DB /* road_bend_right_mesh.obj */ = {isa = PBXFileReference; lastKnownFileType = text; path = road_bend_right_mesh.obj; sourceTree = "<group>"; };
		83C856221E87ABCE003429DB /* road_corner_mesh.obj */ = {isa = PBXFileReference; lastKnownFileType = text; path = road_corner_mesh.obj; sourceTree = "<group>"; };
		83C856231E87ABCE003429DB /* road_crossing_mesh.obj */ = {isa = PBXFileReference; lastKnownFileType = text; path = road_crossing_mesh.obj; sourceTree = "<group>"; };
		83C856241E87ABCE003429DB /* road_divider_mesh.obj */ = {isa = PBXFileReference; lastKnownFileType = text; path = road_divider_mesh.obj; sourceTree = "<group>"; };
		83C856251E87ABCE003429DB /* road_square_mesh.obj */ = {isa = PBXFileReference; lastKnownFileType = text; path = road_square_mesh.obj; sourceTree = "<group>"; };
		83C856261E87ABCE003429DB /* road_straight_clear_mesh.obj */ = {isa = PBXFileReference; lastKnownFileType = text; path = road_straight_clear_mesh.obj; sourceTree = "<group>"; };
		83C856271E87ABCE003429DB /* road_t_mesh.obj */ = {isa = PBXFileReference; lastKnownFileType = text; path = road_t_mesh.obj; sourceTree = "<group>"; };
		83C856281E87ABCE003429DB /* rubbish_truck_seperate_mesh.obj */ = {isa = PBXFileReference; lastKnownFileType = text; path = rubbish_truck_seperate_mesh.obj; sourceTree = "<group>"; };
		83C856291E87ABCE003429DB /* rubbishTruck_mesh.obj */ = {isa = PBXFileReference; lastKnownFileType = text; path = rubbishTruck_mesh.obj; sourceTree = "<group>"; };
		83C8562A1E87ABCE003429DB /* store_corner_mesh.obj */ = {isa = PBXFileReference; lastKnownFileType = text; path = store_corner_mesh.obj; sourceTree = "<group>"; };
		83C8562B1E87ABCE003429DB /* taxi_mesh.obj */ = {isa = PBXFileReference; lastKnownFileType = text; path = taxi_mesh.obj; sourceTree = "<group>"; };
		83C8562C1E87ABCE003429DB /* taxi_seperate_mesh.obj */ = {isa = PBXFileReference; lastKnownFileType = text; path = taxi_seperate_mesh.obj; sourceTree = "<group>"; };
		83C8562D1E87ABCE003429DB /* traffic_light_mesh.obj */ = {isa = PBXFileReference; lastKnownFileType = text; path = traffic_light_mesh.obj; sourceTree = "<group>"; };
		83C8562E1E87ABCE003429DB /* trash_mesh.obj */ = {isa = PBXFileReference; lastKnownFileType = text; path = trash_mesh.obj; sourceTree = "<group>"; };
		83C8562F1E87ABCE003429DB /* tree_large_mesh.obj */ = {isa = PBXFileReference; lastKnownFileType = text; path = tree_large_mesh.obj; sourceTree = "<group>"; };
		83C856301E87ABCE003429DB /* tree_medium_mesh.obj */ = {isa = PBXFileReference; lastKnownFileType = text; path = tree_medium_mesh.obj; sourceTree = "<group>"; };
		83C856311E87ABCE003429DB /* tree_small_mesh.obj */ = {isa = PBXFileReference; lastKnownFileType = text; path = tree_small_mesh.obj; sourceTree = "<group>"; };
		83C856321E87ABCE003429DB /* ute_empty_mesh.obj */ = {isa = PBXFileReference; lastKnownFileType = text; path = ute_empty_mesh.obj; sourceTree = "<group>"; };
		83C856331E87ABCE003429DB /* ute_empty_seperate_mesh.obj */ = {isa = PBXFileReference; lastKnownFileType = text; path = ute_empty_seperate_mesh.obj; sourceTree = "<group>"; };
		83C856341E87ABCE003429DB /* ute_mesh.obj */ = {isa = PBXFileReference; lastKnownFileType = text; path = ute_mesh.obj; sourceTree = "<group>"; };
		83C856351E87ABCE003429DB /* ute_seperate_mesh.obj */ = {isa = PBXFileReference; lastKnownFileType = text; path = ute_seperate_mesh.obj; sourceTree = "<group>"; };
		83C856361E87ABCE003429DB /* van_mesh.obj */ = {isa = PBXFileReference; lastKnownFileType = text; path = van_mesh.obj; sourceTree = "<group>"; };
		83C856371E87ABCE003429DB /* van_seperate_mesh.obj */ = {isa = PBXFileReference; lastKnownFileType = text; path = van_seperate_mesh.obj; sourceTree = "<group>"; };
		83C856391E87ABCE003429DB /* Building01a.bmp */ = {isa = PBXFileReference; lastKnownFileType = image.bmp; path = Building01a.bmp; sourceTree = "<group>"; };
		83C8563A1E87ABCE003429DB /* Building01b.bmp */ = {isa = PBXFileReference; lastKnownFileType = image.bmp; path = Building01b.bmp; sourceTree = "<group>"; };
		83C8563B1E87ABCE003429DB /* Building01c.bmp */ = {isa = PBXFileReference; lastKnownFileType = image.bmp; path = Building01c.bmp; sourceTree = "<group>"; };
		83C8563C1E87ABCE003429DB /* Building02a.bmp */ = {isa = PBXFileReference; lastKnownFileType = image.bmp; path = Building02a.bmp; sourceTree = "<group>"; };
		83C8563D1E87ABCE003429DB /* Building02b.bmp */ = {isa = PBXFileReference; lastKnownFileType = image.bmp; path = Building02b.bmp; sourceTree = "<group>"; };
		83C8563E1E87ABCE003429DB /* Building02c.bmp */ = {isa = PBXFileReference; lastKnownFileType = image.bmp; path = Building02c.bmp; sourceTree = "<group>"; };
		83C8563F1E87ABCE003429DB /* Building03a.bmp */ = {isa = PBXFileReference; lastKnownFileType = image.bmp; path = Building03a.bmp; sourceTree = "<group>"; };
		83C856401E87ABCE003429DB /* Building03b.bmp */ = {isa = PBXFileReference; lastKnownFileType = image.bmp; path = Building03b.bmp; sourceTree = "<group>"; };
		83C856411E87ABCE003429DB /* Building03c.bmp */ = {isa = PBXFileReference; lastKnownFileType = image.bmp; path = Building03c.bmp; sourceTree = "<group>"; };
		83C856421E87ABCE003429DB /* House_01.bmp */ = {isa = PBXFileReference; lastKnownFileType = image.bmp; path = House_01.bmp; sourceTree = "<group>"; };
		83C856431E87ABCE003429DB /* House_02.bmp */ = {isa = PBXFileReference; lastKnownFileType = image.bmp; path = House_02.bmp; sourceTree = "<group>"; };
		83C856441E87ABCE003429DB /* House_03.bmp */ = {isa = PBXFileReference; lastKnownFileType = image.bmp; path = House_03.bmp; sourceTree = "<group>"; };
		83C856451E87ABCE003429DB /* Nature_Trees.bmp */ = {isa = PBXFileReference; lastKnownFileType = image.bmp; path = Nature_Trees.bmp; sourceTree = "<group>"; };
		83C856461E87ABCE003429DB /* Props.bmp */ = {isa = PBXFileReference; lastKnownFileType = image.bmp; path = Props.bmp; sourceTree = "<group>"; };
		83C856471E87ABCE003429DB /* Props_2.bmp */ = {isa = PBXFileReference; lastKnownFileType = image.bmp; path = Props_2.bmp; sourceTree = "<group>"; };
		83C856481E87ABCE003429DB /* Props_Billboard.bmp */ = {isa = PBXFileReference; lastKnownFileType = image.bmp; path = Props_Billboard.bmp; sourceTree = "<group>"; };
		83C856491E87ABCE003429DB /* Props_Dumpster.bmp */ = {isa = PBXFileReference; lastKnownFileType = image.bmp; path = Props_Dumpster.bmp; sourceTree = "<group>"; };
		83C8564A1E87ABCE003429DB /* Road.bmp */ = {isa = PBXFileReference; lastKnownFileType = image.bmp; path = Road.bmp; sourceTree = "<group>"; };
		83C8564B1E87ABCE003429DB /* Road_divider.bmp */ = {isa = PBXFileReference; lastKnownFileType = image.bmp; path = Road_divider.bmp; sourceTree = "<group>"; };
		83C8564C1E87ABCE003429DB /* Vehice_Ambulance.bmp */ = {isa = PBXFileReference; lastKnownFileType = image.bmp; path = Vehice_Ambulance.bmp; sourceTree = "<group>"; };
		83C8564D1E87ABCE003429DB /* Vehicle_Bus_a.bmp */ = {isa = PBXFileReference; lastKnownFileType = image.bmp; path = Vehicle_Bus_a.bmp; sourceTree = "<group>"; };
		83C8564E1E87ABCE003429DB /* Vehicle_Bus_b.bmp */ = {isa = PBXFileReference; lastKnownFileType = image.bmp; path = Vehicle_Bus_b.bmp; sourceTree = "<group>"; };
		83C8564F1E87ABCE003429DB /* Vehicle_Bus_c.bmp */ = {isa = PBXFileReference; lastKnownFileType = image.bmp; path = Vehicle_Bus_c.bmp; sourceTree = "<group>"; };
		83C856501E87ABCE003429DB /* Vehicle_Car01_a.bmp */ = {isa = PBXFileReference; lastKnownFileType = image.bmp; path = Vehicle_Car01_a.bmp; sourceTree = "<group>"; };
		83C856511E87ABCE003429DB /* Vehicle_Car01_b.bmp */ = {isa = PBXFileReference; lastKnownFileType = image.bmp; path = Vehicle_Car01_b.bmp; sourceTree = "<group>"; };
		83C856521E87ABCE003429DB /* Vehicle_Car01_c.bmp */ = {isa = PBXFileReference; lastKnownFileType = image.bmp; path = Vehicle_Car01_c.bmp; sourceTree = "<group>"; };
		83C856531E87ABCE003429DB /* Vehicle_Fire_Truck.bmp */ = {isa = PBXFileReference; lastKnownFileType = image.bmp; path = Vehicle_Fire_Truck.bmp; sourceTree = "<group>"; };
		83C856541E87ABCE003429DB /* Vehicle_Police.bmp */ = {isa = PBXFileReference; lastKnownFileType = image.bmp; path = Vehicle_Police.bmp; sourceTree = "<group>"; };
		83C856551E87ABCE003429DB /* Vehicle_Rubbish_Truck.bmp */ = {isa = PBXFileReference; lastKnownFileType = image.bmp; path = Vehicle_Rubbish_Truck.bmp; sourceTree = "<group>"; };
		83C856561E87ABCE003429DB /* Vehicle_Taxi.bmp */ = {isa = PBXFileReference; lastKnownFileType = image.bmp; path = Vehicle_Taxi.bmp; sourceTree = "<group>"; };
		83C856571E87ABCE003429DB /* Vehicle_Ute_a.bmp */ = {isa = PBXFileReference; lastKnownFileType = image.bmp; path = Vehicle_Ute_a.bmp; sourceTree = "<group>"; };
		83C856581E87ABCE003429DB /* Vehicle_Ute_b.bmp */ = {isa = PBXFileReference; lastKnownFileType = image.bmp; path = Vehicle_Ute_b.bmp; sourceTree = "<group>"; };
		83C856591E87ABCE003429DB /* Vehicle_Ute_c.bmp */ = {isa = PBXFileReference; lastKnownFileType = image.bmp; path = Vehicle_Ute_c.bmp; sourceTree = "<group>"; };
		83C8565A1E87ABCE003429DB /* Vehicle_Van_a.bmp */ = {isa = PBXFileReference; lastKnownFileType = image.bmp; path = Vehicle_Van_a.bmp; sourceTree = "<group>"; };
		83C8565B1E87ABCE003429DB /* Vehicle_Van_b.bmp */ = {isa = PBXFileReference; lastKnownFileType = image.bmp; path = Vehicle_Van_b.bmp; sourceTree = "<group>"; };
		83C8565C1E87ABCE003429DB /* Vehicle_Van_c.bmp */ = {isa = PBXFileReference; lastKnownFileType = image.bmp; path = Vehicle_Van_c.bmp; sourceTree = "<group>"; };
		83C8565E1E87B33C003429DB /* quaternion.cpp */ = {isa = PBXFileReference; fileEncoding = 4; lastKnownFileType = sourcecode.cpp.cpp; path = quaternion.cpp; sourceTree = "<group>"; };
		83C8565F1E87B33C003429DB /* quaternion.hpp */ = {isa = PBXFileReference; fileEncoding = 4; lastKnownFileType = sourcecode.cpp.h; path = quaternion.hpp; sourceTree = "<group>"; };
		83D0FF6B1DB682B6002B749E /* game_object.cpp */ = {isa = PBXFileReference; fileEncoding = 4; lastKnownFileType = sourcecode.cpp.cpp; path = game_object.cpp; sourceTree = "<group>"; };
		83D0FF6C1DB682B6002B749E /* game_object.hpp */ = {isa = PBXFileReference; fileEncoding = 4; lastKnownFileType = sourcecode.cpp.h; path = game_object.hpp; sourceTree = "<group>"; };
		83D0FF6F1DB68389002B749E /* component.cpp */ = {isa = PBXFileReference; fileEncoding = 4; lastKnownFileType = sourcecode.cpp.cpp; path = component.cpp; sourceTree = "<group>"; };
		83D0FF701DB68389002B749E /* component.hpp */ = {isa = PBXFileReference; fileEncoding = 4; lastKnownFileType = sourcecode.cpp.h; path = component.hpp; sourceTree = "<group>"; };
		83D0FF721DB6869F002B749E /* transform.cpp */ = {isa = PBXFileReference; fileEncoding = 4; lastKnownFileType = sourcecode.cpp.cpp; path = transform.cpp; sourceTree = "<group>"; };
		83D0FF731DB6869F002B749E /* transform.hpp */ = {isa = PBXFileReference; fileEncoding = 4; lastKnownFileType = sourcecode.cpp.h; path = transform.hpp; sourceTree = "<group>"; };
		83DFA5D22278DC0C00C32A1E /* time_system.cpp */ = {isa = PBXFileReference; lastKnownFileType = sourcecode.cpp.cpp; path = time_system.cpp; sourceTree = "<group>"; };
		83DFA5D32278DC0C00C32A1E /* time_system.hpp */ = {isa = PBXFileReference; lastKnownFileType = sourcecode.cpp.h; path = time_system.hpp; sourceTree = "<group>"; };
/* End PBXFileReference section */

/* Begin PBXFrameworksBuildPhase section */
		835C2D221D9D8C0A0019F073 /* Frameworks */ = {
			isa = PBXFrameworksBuildPhase;
			buildActionMask = 2147483647;
			files = (
				836785112276C712006F9E76 /* SDL2.framework in Frameworks */,
				83533A1022737DC8001036C8 /* libGLEW.2.1.0.dylib in Frameworks */,
				83533A0E22737AC6001036C8 /* libglfw.3.3.dylib in Frameworks */,
				835C3B021D9E194F0019F073 /* OpenGL.framework in Frameworks */,
			);
			runOnlyForDeploymentPostprocessing = 0;
		};
/* End PBXFrameworksBuildPhase section */

/* Begin PBXGroup section */
		832730D11E8118AD00C64273 /* util */ = {
			isa = PBXGroup;
			children = (
				83AC87301DA34AA400B86308 /* mesh.hpp */,
				83AC872F1DA34AA400B86308 /* mesh.cpp */,
				83C78A8C1DA55A420008466D /* texture.hpp */,
				83C78A8B1DA55A420008466D /* texture.cpp */,
				83B09E7A1ECC101400B606F9 /* util.hpp */,
				83B09E791ECC101400B606F9 /* util.cpp */,
				832730D21E8118C200C64273 /* math */,
			);
			name = util;
			sourceTree = "<group>";
		};
		832730D21E8118C200C64273 /* math */ = {
			isa = PBXGroup;
			children = (
				835C3B101D9F64600019F073 /* vector3.hpp */,
				835C3B111D9F64600019F073 /* vector3.cpp */,
				838717441DA6CD8C008DC001 /* vector2.hpp */,
				838717431DA6CD8C008DC001 /* vector2.cpp */,
				835C3B131D9F65050019F073 /* matrix.hpp */,
				835C3B141D9F65050019F073 /* matrix.cpp */,
				83C8565F1E87B33C003429DB /* quaternion.hpp */,
				83C8565E1E87B33C003429DB /* quaternion.cpp */,
			);
			name = math;
			sourceTree = "<group>";
		};
		832730D31E81190100C64273 /* core */ = {
			isa = PBXGroup;
			children = (
				83AC2FF41DDF67C700C93B2F /* engine */,
				838307181DB72A9D005BE968 /* game_object */,
				83D0FF6E1DB68372002B749E /* component */,
				8383071C1DB93922005BE968 /* system */,
				83C8565D1E87ABF9003429DB /* shaders */,
				832730D11E8118AD00C64273 /* util */,
			);
			name = core;
			sourceTree = "<group>";
		};
		835C2D1C1D9D8C0A0019F073 = {
			isa = PBXGroup;
			children = (
				835C2D271D9D8C0A0019F073 /* ReactorEngine */,
				835C2D261D9D8C0A0019F073 /* Products */,
				835C2D2F1D9D8FB30019F073 /* Frameworks */,
			);
			sourceTree = "<group>";
		};
		835C2D261D9D8C0A0019F073 /* Products */ = {
			isa = PBXGroup;
			children = (
				835C2D251D9D8C0A0019F073 /* ReactorEngine */,
			);
			name = Products;
			sourceTree = "<group>";
		};
		835C2D271D9D8C0A0019F073 /* ReactorEngine */ = {
			isa = PBXGroup;
			children = (
				835C3B0D1D9E2ACE0019F073 /* main.hpp */,
				835C2D281D9D8C0A0019F073 /* main.cpp */,
				83B09E891ECCCBF900B606F9 /* scene_main.hpp */,
				83B09E881ECCCBF900B606F9 /* scene_main.cpp */,
				832730D31E81190100C64273 /* core */,
				83C855FB1E87ABCE003429DB /* models */,
			);
			path = ReactorEngine;
			sourceTree = "<group>";
		};
		835C2D2F1D9D8FB30019F073 /* Frameworks */ = {
			isa = PBXGroup;
			children = (
				836785102276C712006F9E76 /* SDL2.framework */,
				8367850D2276C02A006F9E76 /* QTKit.framework */,
				83533A0F22737DC8001036C8 /* libGLEW.2.1.0.dylib */,
				83533A0D22737AC6001036C8 /* libglfw.3.3.dylib */,
				835C3B0E1D9F621C0019F073 /* GLUT.framework */,
				835C3B011D9E194F0019F073 /* OpenGL.framework */,
			);
			name = Frameworks;
			sourceTree = "<group>";
		};
		838307181DB72A9D005BE968 /* game_object */ = {
			isa = PBXGroup;
			children = (
				83D0FF6C1DB682B6002B749E /* game_object.hpp */,
				83D0FF6B1DB682B6002B749E /* game_object.cpp */,
			);
			name = game_object;
			sourceTree = "<group>";
		};
		8383071C1DB93922005BE968 /* system */ = {
			isa = PBXGroup;
			children = (
				8383071A1DB931F7005BE968 /* system.hpp */,
				838307191DB931F7005BE968 /* system.cpp */,
				8383071E1DB93967005BE968 /* render_system.hpp */,
				8383071D1DB93967005BE968 /* render_system.cpp */,
				83DFA5D32278DC0C00C32A1E /* time_system.hpp */,
				83DFA5D22278DC0C00C32A1E /* time_system.cpp */,
			);
			name = system;
			sourceTree = "<group>";
		};
		838E15071F3540B3006E368C /* michael_townley */ = {
			isa = PBXGroup;
			children = (
				838E15081F3540B3006E368C /* (CODWAW)char_base_fabric_cotton_n.tga */,
				838E15091F3540B3006E368C /* feet_000_u.xdd */,
				838E150A1F3540B3006E368C /* feet_000_u_0.obj */,
				838E150B1F3540B3006E368C /* feet_diff_000_a_uni.tga */,
				838E150C1F3540B3006E368C /* feet_diff_000_b_uni.tga */,
				838E150D1F3540B3006E368C /* feet_diff_000_c_uni.tga */,
				838E150E1F3540B3006E368C /* feet_diff_000_d_uni.tga */,
				838E150F1F3540B3006E368C /* feet_diff_000_e_uni.tga */,
				838E15101F3540B3006E368C /* feet_diff_000_f_uni.tga */,
				838E15111F3540B3006E368C /* feet_norm_000_a_uni.tga */,
				838E15121F3540B3006E368C /* feet_spec_000_a_uni.tga */,
				838E15131F3540B3006E368C /* hair_000_u.xdd */,
				838E15141F3540B3006E368C /* hair_000_u_0.obj */,
				838E15151F3540B3006E368C /* hair_000_u_4.obj */,
				838E15161F3540B3006E368C /* hair_diff_000_a_uni.tga */,
				838E15171F3540B3006E368C /* hair_norm_000_a_uni.tga */,
				838E15181F3540B3006E368C /* hand_000_r.xdd */,
				838E15191F3540B3006E368C /* hand_000_r_0.obj */,
				838E151A1F3540B3006E368C /* hand_diff_000_a_whi.tga */,
				838E151B1F3540B3006E368C /* hand_norm_000_a_whi.tga */,
				838E151C1F3540B3006E368C /* hand_spec_000_a_whi.tga */,
				838E151D1F3540B3006E368C /* head_000_r.xdd */,
				838E151E1F3540B3006E368C /* head_000_r_0.obj */,
				838E151F1F3540B3006E368C /* head_diff_000_c_whi.tga */,
				838E155E1F3541A7006E368C /* head_diff_000_c_whi.bmp */,
				838E15201F3540B3006E368C /* head_norm_000_c_whi.tga */,
				838E15211F3540B3006E368C /* head_norm_001_c_whi.tga */,
				838E15221F3540B3006E368C /* head_norm_002_c_whi.tga */,
				838E15231F3540B3006E368C /* head_spec_000_c_whi.tga */,
				838E15241F3540B3006E368C /* lowr_000_u.xdd */,
				838E15251F3540B3006E368C /* lowr_000_u_0.obj */,
				838E15261F3540B3006E368C /* lowr_diff_000_a_uni.tga */,
				838E15271F3540B3006E368C /* lowr_diff_000_b_uni.tga */,
				838E15281F3540B3006E368C /* lowr_diff_000_c_uni.tga */,
				838E15291F3540B3006E368C /* lowr_diff_000_d_uni.tga */,
				838E152A1F3540B3006E368C /* lowr_diff_000_e_uni.tga */,
				838E152B1F3540B3006E368C /* lowr_diff_000_f_uni.tga */,
				838E152C1F3540B3006E368C /* lowr_diff_000_g_uni.tga */,
				838E152D1F3540B3006E368C /* lowr_diff_000_h_uni.tga */,
				838E152E1F3540B3006E368C /* lowr_diff_000_i_uni.tga */,
				838E152F1F3540B3006E368C /* lowr_diff_000_j_uni.tga */,
				838E15301F3540B3006E368C /* lowr_diff_000_k_uni.tga */,
				838E15311F3540B3006E368C /* lowr_diff_000_l_uni.tga */,
				838E15321F3540B3006E368C /* lowr_diff_000_m_uni.tga */,
				838E15331F3540B3006E368C /* lowr_diff_000_n_uni.tga */,
				838E15341F3540B3006E368C /* lowr_diff_000_o_uni.tga */,
				838E15351F3540B3006E368C /* lowr_diff_000_p_uni.tga */,
				838E15361F3540B3006E368C /* lowr_mask_000_a_uni.tga */,
				838E15371F3540B3006E368C /* lowr_norm_000_a_uni.tga */,
				838E15381F3540B3006E368C /* lowr_norm_002_a_uni.tga */,
				838E15391F3540B3006E368C /* lowr_specmask_000_a_uni.tga */,
				838E153A1F3540B3006E368C /* michael_fullbody.obj */,
				838E153B1F3540B3006E368C /* teef_000_u.xdd */,
				838E153C1F3540B3006E368C /* teef_000_u_0.obj */,
				838E153D1F3540B3006E368C /* teef_diff_000_a_uni.tga */,
				838E153E1F3540B3006E368C /* teef_fx_000_a_uni.tga */,
				838E153F1F3540B3006E368C /* teef_norm_000_a_uni.tga */,
				838E15401F3540B3006E368C /* teef_spec_000_a_uni.tga */,
				838E15411F3540B3006E368C /* uppr_000_u.xdd */,
				838E15421F3540B3006E368C /* uppr_000_u_0.obj */,
				838E15431F3540B3006E368C /* uppr_000_u_1.obj */,
				838E15441F3540B3006E368C /* uppr_diff_000_a_uni.tga */,
				838E15451F3540B3006E368C /* uppr_diff_000_a_uni_yellow.tga */,
				838E15461F3540B3006E368C /* uppr_diff_000_b_uni.tga */,
				838E15471F3540B3006E368C /* uppr_diff_000_c_uni.tga */,
				838E15481F3540B3006E368C /* uppr_diff_000_d_uni.tga */,
				838E15491F3540B3006E368C /* uppr_diff_000_e_uni.tga */,
				838E154A1F3540B3006E368C /* uppr_diff_000_f_uni.tga */,
				838E154B1F3540B3006E368C /* uppr_diff_000_g_uni.tga */,
				838E154C1F3540B3006E368C /* uppr_diff_000_h_uni.tga */,
				838E154D1F3540B3006E368C /* uppr_diff_000_i_uni.tga */,
				838E154E1F3540B3006E368C /* uppr_diff_000_j_uni.tga */,
				838E154F1F3540B3006E368C /* uppr_diff_000_k_uni.tga */,
				838E15501F3540B3006E368C /* uppr_diff_000_l_uni.tga */,
				838E15511F3540B3006E368C /* uppr_diff_000_m_uni.tga */,
				838E15521F3540B3006E368C /* uppr_diff_000_n_uni.tga */,
				838E15531F3540B3006E368C /* uppr_diff_000_o_uni.tga */,
				838E15541F3540B3006E368C /* uppr_diff_000_p_uni.tga */,
				838E15551F3540B3006E368C /* uppr_norm_000_a_uni.tga */,
				838E15561F3540B3006E368C /* uppr_spec_mask_000_a_uni.tga */,
			);
			path = michael_townley;
			sourceTree = "<group>";
		};
		83AC2FF41DDF67C700C93B2F /* engine */ = {
			isa = PBXGroup;
			children = (
				83AC87331DA34DE100B86308 /* engine.hpp */,
				83AC87321DA34DE100B86308 /* engine.cpp */,
				83B09E741ECC076A00B606F9 /* scene.hpp */,
				83B09E731ECC076A00B606F9 /* scene.cpp */,
				8334A2E41DA3691100140E2E /* time.hpp */,
				8334A2E51DA3691100140E2E /* time.cpp */,
				83B09E771ECC0C3100B606F9 /* input.hpp */,
				83B09E761ECC0C3100B606F9 /* input.cpp */,
			);
			name = engine;
			sourceTree = "<group>";
		};
		83B09E8B1ECD364600B606F9 /* arrow */ = {
			isa = PBXGroup;
			children = (
				83B09E8C1ECD364600B606F9 /* arrow.obj */,
				83B09E8D1ECD364600B606F9 /* textures */,
			);
			path = arrow;
			sourceTree = "<group>";
		};
		83B09E8D1ECD364600B606F9 /* textures */ = {
			isa = PBXGroup;
			children = (
				83B09E8E1ECD364600B606F9 /* blue.bmp */,
				83B09E8F1ECD364600B606F9 /* green.bmp */,
				83B09E901ECD364600B606F9 /* red.bmp */,
			);
			path = textures;
			sourceTree = "<group>";
		};
		83C855FB1E87ABCE003429DB /* models */ = {
			isa = PBXGroup;
			children = (
				838E15571F3540BF006E368C /* negx.bmp */,
				838E15581F3540BF006E368C /* negy.bmp */,
				838E15591F3540BF006E368C /* negz.bmp */,
				838E155A1F3540BF006E368C /* posx.bmp */,
				838E155B1F3540BF006E368C /* posy.bmp */,
				838E155C1F3540BF006E368C /* posz.bmp */,
				838E155D1F3540BF006E368C /* skybox.bmp */,
				838E15071F3540B3006E368C /* michael_townley */,
				83B09E8B1ECD364600B606F9 /* arrow */,
				83C855FC1E87ABCE003429DB /* simple_town */,
			);
			path = models;
			sourceTree = "<group>";
		};
		83C855FC1E87ABCE003429DB /* simple_town */ = {
			isa = PBXGroup;
			children = (
				83C855FD1E87ABCE003429DB /* models */,
				83C856381E87ABCE003429DB /* textures */,
			);
			path = simple_town;
			sourceTree = "<group>";
		};
		83C855FD1E87ABCE003429DB /* models */ = {
			isa = PBXGroup;
			children = (
				83C855FE1E87ABCE003429DB /* ambo_mesh.obj */,
				83C855FF1E87ABCE003429DB /* ambo_seperate_mesh.obj */,
				83C856001E87ABCE003429DB /* apartment_large_mesh.obj */,
				83C856011E87ABCE003429DB /* ariel_mesh.obj */,
				83C856021E87ABCE003429DB /* billboard_mesh.obj */,
				83C856031E87ABCE003429DB /* bin_mesh.obj */,
				83C856041E87ABCE003429DB /* bus_mesh.obj */,
				83C856051E87ABCE003429DB /* bus_seperate_mesh.obj */,
				83C856061E87ABCE003429DB /* bush_large_mesh.obj */,
				83C856071E87ABCE003429DB /* bush_small_mesh.obj */,
				83C856081E87ABCE003429DB /* car_mesh.obj */,
				83C856091E87ABCE003429DB /* car_seperate_mesh.obj */,
				83C8560A1E87ABCE003429DB /* cop_mesh.obj */,
				83C8560B1E87ABCE003429DB /* cop_seperate_mesh.obj */,
				83C8560C1E87ABCE003429DB /* dish_mesh.obj */,
				83C8560D1E87ABCE003429DB /* dumpster_mesh.obj */,
				83C8560E1E87ABCE003429DB /* fence_long_mesh.obj */,
				83C8560F1E87ABCE003429DB /* fence_short_mesh.obj */,
				83C856101E87ABCE003429DB /* fire_truck_seperate_mesh.obj */,
				83C856111E87ABCE003429DB /* flag_mesh.obj */,
				83C856121E87ABCE003429DB /* flower_mesh.obj */,
				83C856131E87ABCE003429DB /* grave_large_mesh.obj */,
				83C856141E87ABCE003429DB /* grave_medium_mesh.obj */,
				83C856151E87ABCE003429DB /* grave_small_mesh.obj */,
				83C856161E87ABCE003429DB /* hedge_mesh.obj */,
				83C856171E87ABCE003429DB /* hydrant_mesh.obj */,
				83C856181E87ABCE003429DB /* lamp_mesh.obj */,
				83C856191E87ABCE003429DB /* memorial_mesh.obj */,
				83C8561A1E87ABCE003429DB /* office_large_mesh.obj */,
				83C8561B1E87ABCE003429DB /* office_medium_mesh.obj */,
				83C8561C1E87ABCE003429DB /* office_stepped_mesh.obj */,
				83C8561D1E87ABCE003429DB /* path_cross_mesh.obj */,
				83C8561E1E87ABCE003429DB /* path_straight_mesh.obj */,
				83C8561F1E87ABCE003429DB /* pipe_mesh.obj */,
				83C856201E87ABCE003429DB /* road_bend_left_mesh.obj */,
				83C856211E87ABCE003429DB /* road_bend_right_mesh.obj */,
				83C856221E87ABCE003429DB /* road_corner_mesh.obj */,
				83C856231E87ABCE003429DB /* road_crossing_mesh.obj */,
				83C856241E87ABCE003429DB /* road_divider_mesh.obj */,
				83C856251E87ABCE003429DB /* road_square_mesh.obj */,
				83C856261E87ABCE003429DB /* road_straight_clear_mesh.obj */,
				83C856271E87ABCE003429DB /* road_t_mesh.obj */,
				83C856281E87ABCE003429DB /* rubbish_truck_seperate_mesh.obj */,
				83C856291E87ABCE003429DB /* rubbishTruck_mesh.obj */,
				83C8562A1E87ABCE003429DB /* store_corner_mesh.obj */,
				83C8562B1E87ABCE003429DB /* taxi_mesh.obj */,
				83C8562C1E87ABCE003429DB /* taxi_seperate_mesh.obj */,
				83C8562D1E87ABCE003429DB /* traffic_light_mesh.obj */,
				83C8562E1E87ABCE003429DB /* trash_mesh.obj */,
				83C8562F1E87ABCE003429DB /* tree_large_mesh.obj */,
				83C856301E87ABCE003429DB /* tree_medium_mesh.obj */,
				83C856311E87ABCE003429DB /* tree_small_mesh.obj */,
				83C856321E87ABCE003429DB /* ute_empty_mesh.obj */,
				83C856331E87ABCE003429DB /* ute_empty_seperate_mesh.obj */,
				83C856341E87ABCE003429DB /* ute_mesh.obj */,
				83C856351E87ABCE003429DB /* ute_seperate_mesh.obj */,
				83C856361E87ABCE003429DB /* van_mesh.obj */,
				83C856371E87ABCE003429DB /* van_seperate_mesh.obj */,
			);
			path = models;
			sourceTree = "<group>";
		};
		83C856381E87ABCE003429DB /* textures */ = {
			isa = PBXGroup;
			children = (
				83C856391E87ABCE003429DB /* Building01a.bmp */,
				83C8563A1E87ABCE003429DB /* Building01b.bmp */,
				83C8563B1E87ABCE003429DB /* Building01c.bmp */,
				83C8563C1E87ABCE003429DB /* Building02a.bmp */,
				83C8563D1E87ABCE003429DB /* Building02b.bmp */,
				83C8563E1E87ABCE003429DB /* Building02c.bmp */,
				83C8563F1E87ABCE003429DB /* Building03a.bmp */,
				83C856401E87ABCE003429DB /* Building03b.bmp */,
				83C856411E87ABCE003429DB /* Building03c.bmp */,
				83C856421E87ABCE003429DB /* House_01.bmp */,
				83C856431E87ABCE003429DB /* House_02.bmp */,
				83C856441E87ABCE003429DB /* House_03.bmp */,
				83C856451E87ABCE003429DB /* Nature_Trees.bmp */,
				83C856461E87ABCE003429DB /* Props.bmp */,
				83C856471E87ABCE003429DB /* Props_2.bmp */,
				83C856481E87ABCE003429DB /* Props_Billboard.bmp */,
				83C856491E87ABCE003429DB /* Props_Dumpster.bmp */,
				83C8564A1E87ABCE003429DB /* Road.bmp */,
				83C8564B1E87ABCE003429DB /* Road_divider.bmp */,
				83C8564C1E87ABCE003429DB /* Vehice_Ambulance.bmp */,
				83C8564D1E87ABCE003429DB /* Vehicle_Bus_a.bmp */,
				83C8564E1E87ABCE003429DB /* Vehicle_Bus_b.bmp */,
				83C8564F1E87ABCE003429DB /* Vehicle_Bus_c.bmp */,
				83C856501E87ABCE003429DB /* Vehicle_Car01_a.bmp */,
				83C856511E87ABCE003429DB /* Vehicle_Car01_b.bmp */,
				83C856521E87ABCE003429DB /* Vehicle_Car01_c.bmp */,
				83C856531E87ABCE003429DB /* Vehicle_Fire_Truck.bmp */,
				83C856541E87ABCE003429DB /* Vehicle_Police.bmp */,
				83C856551E87ABCE003429DB /* Vehicle_Rubbish_Truck.bmp */,
				83C856561E87ABCE003429DB /* Vehicle_Taxi.bmp */,
				83C856571E87ABCE003429DB /* Vehicle_Ute_a.bmp */,
				83C856581E87ABCE003429DB /* Vehicle_Ute_b.bmp */,
				83C856591E87ABCE003429DB /* Vehicle_Ute_c.bmp */,
				83C8565A1E87ABCE003429DB /* Vehicle_Van_a.bmp */,
				83C8565B1E87ABCE003429DB /* Vehicle_Van_b.bmp */,
				83C8565C1E87ABCE003429DB /* Vehicle_Van_c.bmp */,
			);
			path = textures;
			sourceTree = "<group>";
		};
		83C8565D1E87ABF9003429DB /* shaders */ = {
			isa = PBXGroup;
			children = (
				838EA12C1DA1B244004F56EF /* shader.fs */,
				838EA12D1DA1B244004F56EF /* shader.vs */,
			);
			name = shaders;
			sourceTree = "<group>";
		};
		83D0FF6E1DB68372002B749E /* component */ = {
			isa = PBXGroup;
			children = (
				83D0FF701DB68389002B749E /* component.hpp */,
				83D0FF6F1DB68389002B749E /* component.cpp */,
				83D0FF731DB6869F002B749E /* transform.hpp */,
				83D0FF721DB6869F002B749E /* transform.cpp */,
				83AC872E1DA34A8E00B86308 /* renderer.hpp */,
				83AC872B1DA3450600B86308 /* renderer.cpp */,
				83B09E921ECD383F00B606F9 /* camera.hpp */,
				83B09E911ECD383F00B606F9 /* camera.cpp */,
			);
			name = component;
			sourceTree = "<group>";
		};
/* End PBXGroup section */

/* Begin PBXNativeTarget section */
		835C2D241D9D8C0A0019F073 /* ReactorEngine */ = {
			isa = PBXNativeTarget;
			buildConfigurationList = 835C2D2C1D9D8C0A0019F073 /* Build configuration list for PBXNativeTarget "ReactorEngine" */;
			buildPhases = (
				835C2D211D9D8C0A0019F073 /* Sources */,
				835C2D221D9D8C0A0019F073 /* Frameworks */,
				835C2D231D9D8C0A0019F073 /* CopyFiles */,
			);
			buildRules = (
			);
			dependencies = (
			);
			name = ReactorEngine;
			productName = ReactorEngine;
			productReference = 835C2D251D9D8C0A0019F073 /* ReactorEngine */;
			productType = "com.apple.product-type.tool";
		};
/* End PBXNativeTarget section */

/* Begin PBXProject section */
		835C2D1D1D9D8C0A0019F073 /* Project object */ = {
			isa = PBXProject;
			attributes = {
				LastUpgradeCheck = 0800;
				ORGANIZATIONNAME = DaekunKim;
				TargetAttributes = {
					835C2D241D9D8C0A0019F073 = {
						CreatedOnToolsVersion = 8.0;
						ProvisioningStyle = Automatic;
					};
				};
			};
			buildConfigurationList = 835C2D201D9D8C0A0019F073 /* Build configuration list for PBXProject "ReactorEngine" */;
			compatibilityVersion = "Xcode 3.2";
			developmentRegion = English;
			hasScannedForEncodings = 0;
			knownRegions = (
				en,
			);
			mainGroup = 835C2D1C1D9D8C0A0019F073;
			productRefGroup = 835C2D261D9D8C0A0019F073 /* Products */;
			projectDirPath = "";
			projectRoot = "";
			targets = (
				835C2D241D9D8C0A0019F073 /* ReactorEngine */,
			);
		};
/* End PBXProject section */

/* Begin PBXSourcesBuildPhase section */
		835C2D211D9D8C0A0019F073 /* Sources */ = {
			isa = PBXSourcesBuildPhase;
			buildActionMask = 2147483647;
			files = (
				835C3B151D9F65050019F073 /* matrix.cpp in Sources */,
				8383071B1DB931F7005BE968 /* system.cpp in Sources */,
				83B09E781ECC0C3100B606F9 /* input.cpp in Sources */,
				8383071F1DB93967005BE968 /* render_system.cpp in Sources */,
				8334A2E61DA3691100140E2E /* time.cpp in Sources */,
				83D0FF6D1DB682B6002B749E /* game_object.cpp in Sources */,
				83AC87341DA34DE100B86308 /* engine.cpp in Sources */,
				835C3B121D9F64600019F073 /* vector3.cpp in Sources */,
				83AC872D1DA3450600B86308 /* renderer.cpp in Sources */,
				83B09E751ECC076A00B606F9 /* scene.cpp in Sources */,
				83DFA5D42278DC0C00C32A1E /* time_system.cpp in Sources */,
				83D0FF741DB6869F002B749E /* transform.cpp in Sources */,
				83B09E7B1ECC101400B606F9 /* util.cpp in Sources */,
				83B09E8A1ECCCBF900B606F9 /* scene_main.cpp in Sources */,
				83B09E931ECD383F00B606F9 /* camera.cpp in Sources */,
				83C78A8D1DA55A420008466D /* texture.cpp in Sources */,
				83AC87311DA34AA400B86308 /* mesh.cpp in Sources */,
				838717451DA6CD8C008DC001 /* vector2.cpp in Sources */,
				835C2D291D9D8C0A0019F073 /* main.cpp in Sources */,
				83C856601E87B33C003429DB /* quaternion.cpp in Sources */,
				83D0FF711DB68389002B749E /* component.cpp in Sources */,
			);
			runOnlyForDeploymentPostprocessing = 0;
		};
/* End PBXSourcesBuildPhase section */

/* Begin XCBuildConfiguration section */
		835C2D2A1D9D8C0A0019F073 /* Debug */ = {
			isa = XCBuildConfiguration;
			buildSettings = {
				ALWAYS_SEARCH_USER_PATHS = NO;
				CLANG_ANALYZER_NONNULL = YES;
				CLANG_CXX_LANGUAGE_STANDARD = "gnu++0x";
				CLANG_CXX_LIBRARY = "libc++";
				CLANG_ENABLE_MODULES = YES;
				CLANG_ENABLE_OBJC_ARC = YES;
				CLANG_WARN_BOOL_CONVERSION = YES;
				CLANG_WARN_CONSTANT_CONVERSION = YES;
				CLANG_WARN_DIRECT_OBJC_ISA_USAGE = YES_ERROR;
				CLANG_WARN_DOCUMENTATION_COMMENTS = YES;
				CLANG_WARN_EMPTY_BODY = YES;
				CLANG_WARN_ENUM_CONVERSION = YES;
				CLANG_WARN_INFINITE_RECURSION = YES;
				CLANG_WARN_INT_CONVERSION = YES;
				CLANG_WARN_OBJC_ROOT_CLASS = YES_ERROR;
				CLANG_WARN_SUSPICIOUS_MOVES = YES;
				CLANG_WARN_UNREACHABLE_CODE = YES;
				CLANG_WARN__DUPLICATE_METHOD_MATCH = YES;
				CODE_SIGN_IDENTITY = "-";
				COPY_PHASE_STRIP = NO;
				DEBUG_INFORMATION_FORMAT = dwarf;
				ENABLE_STRICT_OBJC_MSGSEND = YES;
				ENABLE_TESTABILITY = YES;
				GCC_C_LANGUAGE_STANDARD = gnu99;
				GCC_DYNAMIC_NO_PIC = NO;
				GCC_NO_COMMON_BLOCKS = YES;
				GCC_OPTIMIZATION_LEVEL = 0;
				GCC_PREPROCESSOR_DEFINITIONS = (
					"DEBUG=1",
					"$(inherited)",
				);
				GCC_WARN_64_TO_32_BIT_CONVERSION = YES;
				GCC_WARN_ABOUT_RETURN_TYPE = YES_ERROR;
				GCC_WARN_UNDECLARED_SELECTOR = YES;
				GCC_WARN_UNINITIALIZED_AUTOS = YES_AGGRESSIVE;
				GCC_WARN_UNUSED_FUNCTION = YES;
				GCC_WARN_UNUSED_VARIABLE = YES;
				MACOSX_DEPLOYMENT_TARGET = 10.11;
				MTL_ENABLE_DEBUG_INFO = YES;
				ONLY_ACTIVE_ARCH = YES;
				SDKROOT = macosx;
			};
			name = Debug;
		};
		835C2D2B1D9D8C0A0019F073 /* Release */ = {
			isa = XCBuildConfiguration;
			buildSettings = {
				ALWAYS_SEARCH_USER_PATHS = NO;
				CLANG_ANALYZER_NONNULL = YES;
				CLANG_CXX_LANGUAGE_STANDARD = "gnu++0x";
				CLANG_CXX_LIBRARY = "libc++";
				CLANG_ENABLE_MODULES = YES;
				CLANG_ENABLE_OBJC_ARC = YES;
				CLANG_WARN_BOOL_CONVERSION = YES;
				CLANG_WARN_CONSTANT_CONVERSION = YES;
				CLANG_WARN_DIRECT_OBJC_ISA_USAGE = YES_ERROR;
				CLANG_WARN_DOCUMENTATION_COMMENTS = YES;
				CLANG_WARN_EMPTY_BODY = YES;
				CLANG_WARN_ENUM_CONVERSION = YES;
				CLANG_WARN_INFINITE_RECURSION = YES;
				CLANG_WARN_INT_CONVERSION = YES;
				CLANG_WARN_OBJC_ROOT_CLASS = YES_ERROR;
				CLANG_WARN_SUSPICIOUS_MOVES = YES;
				CLANG_WARN_UNREACHABLE_CODE = YES;
				CLANG_WARN__DUPLICATE_METHOD_MATCH = YES;
				CODE_SIGN_IDENTITY = "-";
				COPY_PHASE_STRIP = NO;
				DEBUG_INFORMATION_FORMAT = "dwarf-with-dsym";
				ENABLE_NS_ASSERTIONS = NO;
				ENABLE_STRICT_OBJC_MSGSEND = YES;
				GCC_C_LANGUAGE_STANDARD = gnu99;
				GCC_NO_COMMON_BLOCKS = YES;
				GCC_WARN_64_TO_32_BIT_CONVERSION = YES;
				GCC_WARN_ABOUT_RETURN_TYPE = YES_ERROR;
				GCC_WARN_UNDECLARED_SELECTOR = YES;
				GCC_WARN_UNINITIALIZED_AUTOS = YES_AGGRESSIVE;
				GCC_WARN_UNUSED_FUNCTION = YES;
				GCC_WARN_UNUSED_VARIABLE = YES;
				MACOSX_DEPLOYMENT_TARGET = 10.11;
				MTL_ENABLE_DEBUG_INFO = NO;
				SDKROOT = macosx;
			};
			name = Release;
		};
		835C2D2D1D9D8C0A0019F073 /* Debug */ = {
			isa = XCBuildConfiguration;
			buildSettings = {
				ALWAYS_SEARCH_USER_PATHS = NO;
				FRAMEWORK_SEARCH_PATHS = (
					"$(inherited)",
					"$(LOCAL_LIBRARY_DIR)/Frameworks",
				);
				HEADER_SEARCH_PATHS = /usr/local/include;
				LIBRARY_SEARCH_PATHS = (
					/usr/local/lib,
					"$(inherited)",
					"$(PROJECT_DIR)",
					/usr/local/Cellar/glfw/3.3/lib,
					/usr/local/Cellar/glew/2.1.0/lib,
				);
				PRODUCT_NAME = "$(TARGET_NAME)";
				USE_HEADERMAP = YES;
			};
			name = Debug;
		};
		835C2D2E1D9D8C0A0019F073 /* Release */ = {
			isa = XCBuildConfiguration;
			buildSettings = {
				ALWAYS_SEARCH_USER_PATHS = NO;
				FRAMEWORK_SEARCH_PATHS = (
					"$(inherited)",
					"$(LOCAL_LIBRARY_DIR)/Frameworks",
				);
				HEADER_SEARCH_PATHS = /usr/local/include;
				LIBRARY_SEARCH_PATHS = (
					/usr/local/lib,
					"$(inherited)",
					"$(PROJECT_DIR)",
					/usr/local/Cellar/glfw/3.3/lib,
					/usr/local/Cellar/glew/2.1.0/lib,
				);
				PRODUCT_NAME = "$(TARGET_NAME)";
				USE_HEADERMAP = YES;
			};
			name = Release;
		};
/* End XCBuildConfiguration section */

/* Begin XCConfigurationList section */
		835C2D201D9D8C0A0019F073 /* Build configuration list for PBXProject "ReactorEngine" */ = {
			isa = XCConfigurationList;
			buildConfigurations = (
				835C2D2A1D9D8C0A0019F073 /* Debug */,
				835C2D2B1D9D8C0A0019F073 /* Release */,
			);
			defaultConfigurationIsVisible = 0;
			defaultConfigurationName = Release;
		};
		835C2D2C1D9D8C0A0019F073 /* Build configuration list for PBXNativeTarget "ReactorEngine" */ = {
			isa = XCConfigurationList;
			buildConfigurations = (
				835C2D2D1D9D8C0A0019F073 /* Debug */,
				835C2D2E1D9D8C0A0019F073 /* Release */,
			);
			defaultConfigurationIsVisible = 0;
			defaultConfigurationName = Release;
		};
/* End XCConfigurationList section */
	};
	rootObject = 835C2D1D1D9D8C0A0019F073 /* Project object */;
}
